// !$*UTF8*$!
{
	archiveVersion = 1;
	classes = {
	};
	objectVersion = 50;
	objects = {

/* Begin PBXBuildFile section */
		0486528D235C94BF00151324 /* CustomButton.swift in Sources */ = {isa = PBXBuildFile; fileRef = 0486528C235C94BF00151324 /* CustomButton.swift */; };
		082B935F235A5881004AD930 /* ValidateProtocol.swift in Sources */ = {isa = PBXBuildFile; fileRef = 082B935E235A5881004AD930 /* ValidateProtocol.swift */; };
		082B9361235A58FF004AD930 /* ValidateManager.swift in Sources */ = {isa = PBXBuildFile; fileRef = 082B9360235A58FF004AD930 /* ValidateManager.swift */; };
		082B9368235B9885004AD930 /* AuthPresenter.swift in Sources */ = {isa = PBXBuildFile; fileRef = 082B9367235B9885004AD930 /* AuthPresenter.swift */; };
		082B936A235B9B7B004AD930 /* AuthInteractor.swift in Sources */ = {isa = PBXBuildFile; fileRef = 082B9369235B9B7B004AD930 /* AuthInteractor.swift */; };
		082B936C235BA173004AD930 /* AuthAssemler.swift in Sources */ = {isa = PBXBuildFile; fileRef = 082B936B235BA173004AD930 /* AuthAssemler.swift */; };
		08D896FA23526F2D0026ACBC /* User.swift in Sources */ = {isa = PBXBuildFile; fileRef = 08D896F923526F2D0026ACBC /* User.swift */; };
		08D896FE235282E40026ACBC /* plugs.swift in Sources */ = {isa = PBXBuildFile; fileRef = 08D896FD235282E40026ACBC /* plugs.swift */; };
		AA2654A2234F54D60013B777 /* AppDelegate.swift in Sources */ = {isa = PBXBuildFile; fileRef = AA2654A1234F54D60013B777 /* AppDelegate.swift */; };
		AA2654AA234F54D60013B777 /* Legio.xcdatamodeld in Sources */ = {isa = PBXBuildFile; fileRef = AA2654A8234F54D60013B777 /* Legio.xcdatamodeld */; };
		AA2654AC234F54DA0013B777 /* Assets.xcassets in Resources */ = {isa = PBXBuildFile; fileRef = AA2654AB234F54DA0013B777 /* Assets.xcassets */; };
		AA2654AF234F54DA0013B777 /* LaunchScreen.storyboard in Resources */ = {isa = PBXBuildFile; fileRef = AA2654AD234F54DA0013B777 /* LaunchScreen.storyboard */; };
		AA2654B9234F56E90013B777 /* Root.storyboard in Resources */ = {isa = PBXBuildFile; fileRef = AA2654B8234F56E90013B777 /* Root.storyboard */; };
		AA2654BB234F57050013B777 /* RootView.swift in Sources */ = {isa = PBXBuildFile; fileRef = AA2654BA234F57050013B777 /* RootView.swift */; };
		AA2654C8234F5BA00013B777 /* RootRouter.swift in Sources */ = {isa = PBXBuildFile; fileRef = AA2654C7234F5BA00013B777 /* RootRouter.swift */; };
		AA2654CB234F5EFC0013B777 /* ViewControllerNavigation+Ex.swift in Sources */ = {isa = PBXBuildFile; fileRef = AA2654CA234F5EFC0013B777 /* ViewControllerNavigation+Ex.swift */; };
		AA2654CD234F5F7F0013B777 /* BaseRouter.swift in Sources */ = {isa = PBXBuildFile; fileRef = AA2654CC234F5F7F0013B777 /* BaseRouter.swift */; };
		AA2654D0234F61740013B777 /* AuthView.swift in Sources */ = {isa = PBXBuildFile; fileRef = AA2654CF234F61740013B777 /* AuthView.swift */; };
		AA2654D2234F61820013B777 /* AuthRouter.swift in Sources */ = {isa = PBXBuildFile; fileRef = AA2654D1234F61820013B777 /* AuthRouter.swift */; };
		AA2654D4234F618D0013B777 /* Auth.storyboard in Resources */ = {isa = PBXBuildFile; fileRef = AA2654D3234F618D0013B777 /* Auth.storyboard */; };
		AA2654DA234F66D50013B777 /* RegisterView.swift in Sources */ = {isa = PBXBuildFile; fileRef = AA2654D9234F66D50013B777 /* RegisterView.swift */; };
		AA2654DC234F66E50013B777 /* RegisterRouter.swift in Sources */ = {isa = PBXBuildFile; fileRef = AA2654DB234F66E50013B777 /* RegisterRouter.swift */; };
		AA2654DE234F66F10013B777 /* Register.storyboard in Resources */ = {isa = PBXBuildFile; fileRef = AA2654DD234F66F10013B777 /* Register.storyboard */; };
		AA2654E0234F67020013B777 /* ForgotView.swift in Sources */ = {isa = PBXBuildFile; fileRef = AA2654DF234F67020013B777 /* ForgotView.swift */; };
		AA2654E2234F67110013B777 /* ForgotRouter.swift in Sources */ = {isa = PBXBuildFile; fileRef = AA2654E1234F67110013B777 /* ForgotRouter.swift */; };
		AA2654E4234F671A0013B777 /* Forgot.storyboard in Resources */ = {isa = PBXBuildFile; fileRef = AA2654E3234F671A0013B777 /* Forgot.storyboard */; };
		AA2654E6234F682D0013B777 /* PresetView.swift in Sources */ = {isa = PBXBuildFile; fileRef = AA2654E5234F682D0013B777 /* PresetView.swift */; };
		AA2654E8234F68360013B777 /* PresetRouter.swift in Sources */ = {isa = PBXBuildFile; fileRef = AA2654E7234F68360013B777 /* PresetRouter.swift */; };
		AA2654EA234F683F0013B777 /* Preset.storyboard in Resources */ = {isa = PBXBuildFile; fileRef = AA2654E9234F683F0013B777 /* Preset.storyboard */; };
		AA2654ED234F6B730013B777 /* EventTypesView.swift in Sources */ = {isa = PBXBuildFile; fileRef = AA2654EC234F6B730013B777 /* EventTypesView.swift */; };
		AA2654EF234F6B820013B777 /* EventTypesRouter.swift in Sources */ = {isa = PBXBuildFile; fileRef = AA2654EE234F6B820013B777 /* EventTypesRouter.swift */; };
		AA2654F1234F6B8C0013B777 /* EventTypes.storyboard in Resources */ = {isa = PBXBuildFile; fileRef = AA2654F0234F6B8C0013B777 /* EventTypes.storyboard */; };
		AA2654F3234F6C490013B777 /* MainView.swift in Sources */ = {isa = PBXBuildFile; fileRef = AA2654F2234F6C490013B777 /* MainView.swift */; };
		AA2654F5234F6C520013B777 /* MainRouter.swift in Sources */ = {isa = PBXBuildFile; fileRef = AA2654F4234F6C520013B777 /* MainRouter.swift */; };
		AA2654F7234F6C5B0013B777 /* Main.storyboard in Resources */ = {isa = PBXBuildFile; fileRef = AA2654F6234F6C5B0013B777 /* Main.storyboard */; };
		AAB4B816235643E6008273AE /* LoginMainView.swift in Sources */ = {isa = PBXBuildFile; fileRef = AAB4B815235643E6008273AE /* LoginMainView.swift */; };
		AAB4B818235643F3008273AE /* LoginMainPresenter.swift in Sources */ = {isa = PBXBuildFile; fileRef = AAB4B817235643F3008273AE /* LoginMainPresenter.swift */; };
		AAB4B81A235643FE008273AE /* LoginMainInteractor.swift in Sources */ = {isa = PBXBuildFile; fileRef = AAB4B819235643FE008273AE /* LoginMainInteractor.swift */; };
		AAB4B81C23564409008273AE /* LoginMainRouter.swift in Sources */ = {isa = PBXBuildFile; fileRef = AAB4B81B23564409008273AE /* LoginMainRouter.swift */; };
		AAB4B81E23564413008273AE /* LoginMain.storyboard in Resources */ = {isa = PBXBuildFile; fileRef = AAB4B81D23564413008273AE /* LoginMain.storyboard */; };
		AAB4B82023564423008273AE /* LoginMainAssembler.swift in Sources */ = {isa = PBXBuildFile; fileRef = AAB4B81F23564423008273AE /* LoginMainAssembler.swift */; };
		AAB4B82423564A86008273AE /* RootAssembler.swift in Sources */ = {isa = PBXBuildFile; fileRef = AAB4B82323564A86008273AE /* RootAssembler.swift */; };
		AAB4B82623564A8F008273AE /* RootInteractor.swift in Sources */ = {isa = PBXBuildFile; fileRef = AAB4B82523564A8F008273AE /* RootInteractor.swift */; };
		AAB4B82823564AA1008273AE /* RootPresenter.swift in Sources */ = {isa = PBXBuildFile; fileRef = AAB4B82723564AA1008273AE /* RootPresenter.swift */; };
		AAB4B82A23564F29008273AE /* RegisterPresenter.swift in Sources */ = {isa = PBXBuildFile; fileRef = AAB4B82923564F29008273AE /* RegisterPresenter.swift */; };
		AAB4B82C23564F35008273AE /* RegisterInteractor.swift in Sources */ = {isa = PBXBuildFile; fileRef = AAB4B82B23564F35008273AE /* RegisterInteractor.swift */; };
		AAB4B82E23564F41008273AE /* RegisterAssembler.swift in Sources */ = {isa = PBXBuildFile; fileRef = AAB4B82D23564F41008273AE /* RegisterAssembler.swift */; };
		AAB4B8302356538B008273AE /* NetworkManager.swift in Sources */ = {isa = PBXBuildFile; fileRef = AAB4B82F2356538B008273AE /* NetworkManager.swift */; };
/* End PBXBuildFile section */

/* Begin PBXFileReference section */
		0486527F235C81A100151324 /* SFUIText-MediumItalic.ttf */ = {isa = PBXFileReference; lastKnownFileType = file; path = "SFUIText-MediumItalic.ttf"; sourceTree = "<group>"; };
		04865280235C81A100151324 /* SFUIText-RegularItalic.ttf */ = {isa = PBXFileReference; lastKnownFileType = file; path = "SFUIText-RegularItalic.ttf"; sourceTree = "<group>"; };
		04865281235C81A100151324 /* SFUIText-Medium.ttf */ = {isa = PBXFileReference; lastKnownFileType = file; path = "SFUIText-Medium.ttf"; sourceTree = "<group>"; };
		04865282235C81A100151324 /* SFUIText-Semibold.ttf */ = {isa = PBXFileReference; lastKnownFileType = file; path = "SFUIText-Semibold.ttf"; sourceTree = "<group>"; };
		04865283235C81A100151324 /* SFUIText-HeavyItalic.ttf */ = {isa = PBXFileReference; lastKnownFileType = file; path = "SFUIText-HeavyItalic.ttf"; sourceTree = "<group>"; };
		04865284235C81A100151324 /* SFUIText-SemiboldItalic.ttf */ = {isa = PBXFileReference; lastKnownFileType = file; path = "SFUIText-SemiboldItalic.ttf"; sourceTree = "<group>"; };
		04865285235C81A100151324 /* SFUIText-BoldItalic.ttf */ = {isa = PBXFileReference; lastKnownFileType = file; path = "SFUIText-BoldItalic.ttf"; sourceTree = "<group>"; };
		04865286235C81A100151324 /* SFUIText-Bold.ttf */ = {isa = PBXFileReference; lastKnownFileType = file; path = "SFUIText-Bold.ttf"; sourceTree = "<group>"; };
		04865287235C81A100151324 /* SFUIText-LightItalic.ttf */ = {isa = PBXFileReference; lastKnownFileType = file; path = "SFUIText-LightItalic.ttf"; sourceTree = "<group>"; };
		04865288235C81A100151324 /* SFUIText-Regular.ttf */ = {isa = PBXFileReference; lastKnownFileType = file; path = "SFUIText-Regular.ttf"; sourceTree = "<group>"; };
		04865289235C81A200151324 /* SFUIText-Heavy.ttf */ = {isa = PBXFileReference; lastKnownFileType = file; path = "SFUIText-Heavy.ttf"; sourceTree = "<group>"; };
		0486528A235C81A200151324 /* SFUIText-Light.ttf */ = {isa = PBXFileReference; lastKnownFileType = file; path = "SFUIText-Light.ttf"; sourceTree = "<group>"; };
		0486528C235C94BF00151324 /* CustomButton.swift */ = {isa = PBXFileReference; lastKnownFileType = sourcecode.swift; path = CustomButton.swift; sourceTree = "<group>"; };
		082B935E235A5881004AD930 /* ValidateProtocol.swift */ = {isa = PBXFileReference; lastKnownFileType = sourcecode.swift; path = ValidateProtocol.swift; sourceTree = "<group>"; };
		082B9360235A58FF004AD930 /* ValidateManager.swift */ = {isa = PBXFileReference; lastKnownFileType = sourcecode.swift; path = ValidateManager.swift; sourceTree = "<group>"; };
		082B9367235B9885004AD930 /* AuthPresenter.swift */ = {isa = PBXFileReference; lastKnownFileType = sourcecode.swift; path = AuthPresenter.swift; sourceTree = "<group>"; };
		082B9369235B9B7B004AD930 /* AuthInteractor.swift */ = {isa = PBXFileReference; lastKnownFileType = sourcecode.swift; path = AuthInteractor.swift; sourceTree = "<group>"; };
		082B936B235BA173004AD930 /* AuthAssemler.swift */ = {isa = PBXFileReference; lastKnownFileType = sourcecode.swift; path = AuthAssemler.swift; sourceTree = "<group>"; };
		08D896F923526F2D0026ACBC /* User.swift */ = {isa = PBXFileReference; lastKnownFileType = sourcecode.swift; name = User.swift; path = Legio/Common/Services/Network/User.swift; sourceTree = SOURCE_ROOT; };
		08D896FD235282E40026ACBC /* plugs.swift */ = {isa = PBXFileReference; lastKnownFileType = sourcecode.swift; path = plugs.swift; sourceTree = "<group>"; };
		AA26549E234F54D60013B777 /* Legio.app */ = {isa = PBXFileReference; explicitFileType = wrapper.application; includeInIndex = 0; path = Legio.app; sourceTree = BUILT_PRODUCTS_DIR; };
		AA2654A1234F54D60013B777 /* AppDelegate.swift */ = {isa = PBXFileReference; lastKnownFileType = sourcecode.swift; path = AppDelegate.swift; sourceTree = "<group>"; };
		AA2654A9234F54D60013B777 /* Legio.xcdatamodel */ = {isa = PBXFileReference; lastKnownFileType = wrapper.xcdatamodel; path = Legio.xcdatamodel; sourceTree = "<group>"; };
		AA2654AB234F54DA0013B777 /* Assets.xcassets */ = {isa = PBXFileReference; lastKnownFileType = folder.assetcatalog; path = Assets.xcassets; sourceTree = "<group>"; };
		AA2654AE234F54DA0013B777 /* Base */ = {isa = PBXFileReference; lastKnownFileType = file.storyboard; name = Base; path = Base.lproj/LaunchScreen.storyboard; sourceTree = "<group>"; };
		AA2654B0234F54DA0013B777 /* Info.plist */ = {isa = PBXFileReference; lastKnownFileType = text.plist.xml; path = Info.plist; sourceTree = "<group>"; };
		AA2654B8234F56E90013B777 /* Root.storyboard */ = {isa = PBXFileReference; lastKnownFileType = file.storyboard; path = Root.storyboard; sourceTree = "<group>"; };
		AA2654BA234F57050013B777 /* RootView.swift */ = {isa = PBXFileReference; lastKnownFileType = sourcecode.swift; path = RootView.swift; sourceTree = "<group>"; };
		AA2654C7234F5BA00013B777 /* RootRouter.swift */ = {isa = PBXFileReference; lastKnownFileType = sourcecode.swift; path = RootRouter.swift; sourceTree = "<group>"; };
		AA2654CA234F5EFC0013B777 /* ViewControllerNavigation+Ex.swift */ = {isa = PBXFileReference; lastKnownFileType = sourcecode.swift; path = "ViewControllerNavigation+Ex.swift"; sourceTree = "<group>"; };
		AA2654CC234F5F7F0013B777 /* BaseRouter.swift */ = {isa = PBXFileReference; lastKnownFileType = sourcecode.swift; path = BaseRouter.swift; sourceTree = "<group>"; };
		AA2654CF234F61740013B777 /* AuthView.swift */ = {isa = PBXFileReference; lastKnownFileType = sourcecode.swift; path = AuthView.swift; sourceTree = "<group>"; };
		AA2654D1234F61820013B777 /* AuthRouter.swift */ = {isa = PBXFileReference; lastKnownFileType = sourcecode.swift; path = AuthRouter.swift; sourceTree = "<group>"; };
		AA2654D3234F618D0013B777 /* Auth.storyboard */ = {isa = PBXFileReference; lastKnownFileType = file.storyboard; path = Auth.storyboard; sourceTree = "<group>"; };
		AA2654D9234F66D50013B777 /* RegisterView.swift */ = {isa = PBXFileReference; lastKnownFileType = sourcecode.swift; path = RegisterView.swift; sourceTree = "<group>"; };
		AA2654DB234F66E50013B777 /* RegisterRouter.swift */ = {isa = PBXFileReference; lastKnownFileType = sourcecode.swift; path = RegisterRouter.swift; sourceTree = "<group>"; };
		AA2654DD234F66F10013B777 /* Register.storyboard */ = {isa = PBXFileReference; lastKnownFileType = file.storyboard; path = Register.storyboard; sourceTree = "<group>"; };
		AA2654DF234F67020013B777 /* ForgotView.swift */ = {isa = PBXFileReference; lastKnownFileType = sourcecode.swift; path = ForgotView.swift; sourceTree = "<group>"; };
		AA2654E1234F67110013B777 /* ForgotRouter.swift */ = {isa = PBXFileReference; lastKnownFileType = sourcecode.swift; path = ForgotRouter.swift; sourceTree = "<group>"; };
		AA2654E3234F671A0013B777 /* Forgot.storyboard */ = {isa = PBXFileReference; lastKnownFileType = file.storyboard; path = Forgot.storyboard; sourceTree = "<group>"; };
		AA2654E5234F682D0013B777 /* PresetView.swift */ = {isa = PBXFileReference; lastKnownFileType = sourcecode.swift; path = PresetView.swift; sourceTree = "<group>"; };
		AA2654E7234F68360013B777 /* PresetRouter.swift */ = {isa = PBXFileReference; lastKnownFileType = sourcecode.swift; path = PresetRouter.swift; sourceTree = "<group>"; };
		AA2654E9234F683F0013B777 /* Preset.storyboard */ = {isa = PBXFileReference; lastKnownFileType = file.storyboard; path = Preset.storyboard; sourceTree = "<group>"; };
		AA2654EC234F6B730013B777 /* EventTypesView.swift */ = {isa = PBXFileReference; lastKnownFileType = sourcecode.swift; path = EventTypesView.swift; sourceTree = "<group>"; };
		AA2654EE234F6B820013B777 /* EventTypesRouter.swift */ = {isa = PBXFileReference; lastKnownFileType = sourcecode.swift; path = EventTypesRouter.swift; sourceTree = "<group>"; };
		AA2654F0234F6B8C0013B777 /* EventTypes.storyboard */ = {isa = PBXFileReference; lastKnownFileType = file.storyboard; path = EventTypes.storyboard; sourceTree = "<group>"; };
		AA2654F2234F6C490013B777 /* MainView.swift */ = {isa = PBXFileReference; lastKnownFileType = sourcecode.swift; path = MainView.swift; sourceTree = "<group>"; };
		AA2654F4234F6C520013B777 /* MainRouter.swift */ = {isa = PBXFileReference; lastKnownFileType = sourcecode.swift; path = MainRouter.swift; sourceTree = "<group>"; };
		AA2654F6234F6C5B0013B777 /* Main.storyboard */ = {isa = PBXFileReference; lastKnownFileType = file.storyboard; path = Main.storyboard; sourceTree = "<group>"; };
		AAB4B815235643E6008273AE /* LoginMainView.swift */ = {isa = PBXFileReference; lastKnownFileType = sourcecode.swift; path = LoginMainView.swift; sourceTree = "<group>"; };
		AAB4B817235643F3008273AE /* LoginMainPresenter.swift */ = {isa = PBXFileReference; lastKnownFileType = sourcecode.swift; path = LoginMainPresenter.swift; sourceTree = "<group>"; };
		AAB4B819235643FE008273AE /* LoginMainInteractor.swift */ = {isa = PBXFileReference; lastKnownFileType = sourcecode.swift; path = LoginMainInteractor.swift; sourceTree = "<group>"; };
		AAB4B81B23564409008273AE /* LoginMainRouter.swift */ = {isa = PBXFileReference; lastKnownFileType = sourcecode.swift; path = LoginMainRouter.swift; sourceTree = "<group>"; };
		AAB4B81D23564413008273AE /* LoginMain.storyboard */ = {isa = PBXFileReference; lastKnownFileType = file.storyboard; path = LoginMain.storyboard; sourceTree = "<group>"; };
		AAB4B81F23564423008273AE /* LoginMainAssembler.swift */ = {isa = PBXFileReference; lastKnownFileType = sourcecode.swift; path = LoginMainAssembler.swift; sourceTree = "<group>"; };
		AAB4B82323564A86008273AE /* RootAssembler.swift */ = {isa = PBXFileReference; lastKnownFileType = sourcecode.swift; path = RootAssembler.swift; sourceTree = "<group>"; };
		AAB4B82523564A8F008273AE /* RootInteractor.swift */ = {isa = PBXFileReference; lastKnownFileType = sourcecode.swift; path = RootInteractor.swift; sourceTree = "<group>"; };
		AAB4B82723564AA1008273AE /* RootPresenter.swift */ = {isa = PBXFileReference; lastKnownFileType = sourcecode.swift; path = RootPresenter.swift; sourceTree = "<group>"; };
		AAB4B82923564F29008273AE /* RegisterPresenter.swift */ = {isa = PBXFileReference; lastKnownFileType = sourcecode.swift; path = RegisterPresenter.swift; sourceTree = "<group>"; };
		AAB4B82B23564F35008273AE /* RegisterInteractor.swift */ = {isa = PBXFileReference; lastKnownFileType = sourcecode.swift; path = RegisterInteractor.swift; sourceTree = "<group>"; };
		AAB4B82D23564F41008273AE /* RegisterAssembler.swift */ = {isa = PBXFileReference; lastKnownFileType = sourcecode.swift; path = RegisterAssembler.swift; sourceTree = "<group>"; };
		AAB4B82F2356538B008273AE /* NetworkManager.swift */ = {isa = PBXFileReference; lastKnownFileType = sourcecode.swift; path = NetworkManager.swift; sourceTree = "<group>"; };
/* End PBXFileReference section */

/* Begin PBXFrameworksBuildPhase section */
		AA26549B234F54D60013B777 /* Frameworks */ = {
			isa = PBXFrameworksBuildPhase;
			buildActionMask = 2147483647;
			files = (
			);
			runOnlyForDeploymentPostprocessing = 0;
		};
/* End PBXFrameworksBuildPhase section */

/* Begin PBXGroup section */
		0486527E235C818F00151324 /* SFUIText */ = {
			isa = PBXGroup;
			children = (
				04865286235C81A100151324 /* SFUIText-Bold.ttf */,
				04865285235C81A100151324 /* SFUIText-BoldItalic.ttf */,
				04865289235C81A200151324 /* SFUIText-Heavy.ttf */,
				04865283235C81A100151324 /* SFUIText-HeavyItalic.ttf */,
				0486528A235C81A200151324 /* SFUIText-Light.ttf */,
				04865287235C81A100151324 /* SFUIText-LightItalic.ttf */,
				04865281235C81A100151324 /* SFUIText-Medium.ttf */,
				0486527F235C81A100151324 /* SFUIText-MediumItalic.ttf */,
				04865288235C81A100151324 /* SFUIText-Regular.ttf */,
				04865280235C81A100151324 /* SFUIText-RegularItalic.ttf */,
				04865282235C81A100151324 /* SFUIText-Semibold.ttf */,
				04865284235C81A100151324 /* SFUIText-SemiboldItalic.ttf */,
			);
			path = SFUIText;
			sourceTree = "<group>";
		};
		0486528B235C947300151324 /* UI */ = {
			isa = PBXGroup;
			children = (
				0486528C235C94BF00151324 /* CustomButton.swift */,
			);
			path = UI;
			sourceTree = "<group>";
		};
		082B935D235A5856004AD930 /* AuthValidate */ = {
			isa = PBXGroup;
			children = (
				082B935E235A5881004AD930 /* ValidateProtocol.swift */,
				082B9360235A58FF004AD930 /* ValidateManager.swift */,
			);
			path = AuthValidate;
			sourceTree = "<group>";
		};
		082B9362235A5E97004AD930 /* fonts */ = {
			isa = PBXGroup;
			children = (
				0486527E235C818F00151324 /* SFUIText */,
			);
			path = fonts;
			sourceTree = "<group>";
		};
		08D896F6235264FF0026ACBC /* Network */ = {
			isa = PBXGroup;
			children = (
				AAB4B82F2356538B008273AE /* NetworkManager.swift */,
			);
			path = Network;
			sourceTree = "<group>";
		};
		AA265495234F54D60013B777 = {
			isa = PBXGroup;
			children = (
				AA2654A0234F54D60013B777 /* Legio */,
				AA26549F234F54D60013B777 /* Products */,
			);
			sourceTree = "<group>";
		};
		AA26549F234F54D60013B777 /* Products */ = {
			isa = PBXGroup;
			children = (
				AA26549E234F54D60013B777 /* Legio.app */,
			);
			name = Products;
			sourceTree = "<group>";
		};
		AA2654A0234F54D60013B777 /* Legio */ = {
			isa = PBXGroup;
			children = (
				AA2654BD234F58060013B777 /* Application */,
				AA2654BE234F581B0013B777 /* Common */,
				AA2654B6234F56D50013B777 /* Modules */,
				AA2654BC234F57100013B777 /* Resources */,
			);
			path = Legio;
			sourceTree = "<group>";
		};
		AA2654B6234F56D50013B777 /* Modules */ = {
			isa = PBXGroup;
			children = (
				AA2654B7234F56DE0013B777 /* Root */,
				AAB4B81423564394008273AE /* LoginMain */,
				AA2654D7234F64170013B777 /* Register */,
				AA2654CE234F61640013B777 /* Auth */,
				AA2654D6234F640A0013B777 /* Forgot */,
				AA2654D8234F64C30013B777 /* Preset */,
				AA2654EB234F6B560013B777 /* EventTypes */,
				AA2654D5234F64000013B777 /* Main */,
			);
			path = Modules;
			sourceTree = "<group>";
		};
		AA2654B7234F56DE0013B777 /* Root */ = {
			isa = PBXGroup;
			children = (
				AAB4B82323564A86008273AE /* RootAssembler.swift */,
				AA2654BA234F57050013B777 /* RootView.swift */,
				AAB4B82723564AA1008273AE /* RootPresenter.swift */,
				AAB4B82523564A8F008273AE /* RootInteractor.swift */,
				AA2654C7234F5BA00013B777 /* RootRouter.swift */,
				AA2654B8234F56E90013B777 /* Root.storyboard */,
			);
			path = Root;
			sourceTree = "<group>";
		};
		AA2654BC234F57100013B777 /* Resources */ = {
			isa = PBXGroup;
			children = (
				082B9362235A5E97004AD930 /* fonts */,
				AA2654AB234F54DA0013B777 /* Assets.xcassets */,
				AA2654AD234F54DA0013B777 /* LaunchScreen.storyboard */,
				AA2654B0234F54DA0013B777 /* Info.plist */,
			);
			path = Resources;
			sourceTree = "<group>";
		};
		AA2654BD234F58060013B777 /* Application */ = {
			isa = PBXGroup;
			children = (
				AA2654A1234F54D60013B777 /* AppDelegate.swift */,
			);
			path = Application;
			sourceTree = "<group>";
		};
		AA2654BE234F581B0013B777 /* Common */ = {
			isa = PBXGroup;
			children = (
				0486528B235C947300151324 /* UI */,
				AA2654C9234F5EE30013B777 /* Extension */,
				AA2654C4234F5AEE0013B777 /* Prototypes */,
				AA2654C3234F5ADD0013B777 /* Models */,
				AA2654BF234F582C0013B777 /* Services */,
			);
			path = Common;
			sourceTree = "<group>";
		};
		AA2654BF234F582C0013B777 /* Services */ = {
			isa = PBXGroup;
			children = (
				082B935D235A5856004AD930 /* AuthValidate */,
				08D896F6235264FF0026ACBC /* Network */,
				AA2654C0234F58310013B777 /* Database */,
			);
			path = Services;
			sourceTree = "<group>";
		};
		AA2654C0234F58310013B777 /* Database */ = {
			isa = PBXGroup;
			children = (
				AA2654A8234F54D60013B777 /* Legio.xcdatamodeld */,
			);
			path = Database;
			sourceTree = "<group>";
		};
		AA2654C3234F5ADD0013B777 /* Models */ = {
			isa = PBXGroup;
			children = (
				08D896F923526F2D0026ACBC /* User.swift */,
			);
			path = Models;
			sourceTree = "<group>";
		};
		AA2654C4234F5AEE0013B777 /* Prototypes */ = {
			isa = PBXGroup;
			children = (
				AA2654CC234F5F7F0013B777 /* BaseRouter.swift */,
			);
			path = Prototypes;
			sourceTree = "<group>";
		};
		AA2654C9234F5EE30013B777 /* Extension */ = {
			isa = PBXGroup;
			children = (
				AA2654CA234F5EFC0013B777 /* ViewControllerNavigation+Ex.swift */,
				08D896FD235282E40026ACBC /* plugs.swift */,
			);
			path = Extension;
			sourceTree = "<group>";
		};
		AA2654CE234F61640013B777 /* Auth */ = {
			isa = PBXGroup;
			children = (
				082B936B235BA173004AD930 /* AuthAssemler.swift */,
				AA2654CF234F61740013B777 /* AuthView.swift */,
				082B9367235B9885004AD930 /* AuthPresenter.swift */,
				082B9369235B9B7B004AD930 /* AuthInteractor.swift */,
				AA2654D1234F61820013B777 /* AuthRouter.swift */,
				AA2654D3234F618D0013B777 /* Auth.storyboard */,
			);
			path = Auth;
			sourceTree = "<group>";
		};
		AA2654D5234F64000013B777 /* Main */ = {
			isa = PBXGroup;
			children = (
				AA2654F2234F6C490013B777 /* MainView.swift */,
				AA2654F4234F6C520013B777 /* MainRouter.swift */,
				AA2654F6234F6C5B0013B777 /* Main.storyboard */,
			);
			path = Main;
			sourceTree = "<group>";
		};
		AA2654D6234F640A0013B777 /* Forgot */ = {
			isa = PBXGroup;
			children = (
				AA2654DF234F67020013B777 /* ForgotView.swift */,
				AA2654E1234F67110013B777 /* ForgotRouter.swift */,
				AA2654E3234F671A0013B777 /* Forgot.storyboard */,
			);
			path = Forgot;
			sourceTree = "<group>";
		};
		AA2654D7234F64170013B777 /* Register */ = {
			isa = PBXGroup;
			children = (
				AAB4B82D23564F41008273AE /* RegisterAssembler.swift */,
				AA2654D9234F66D50013B777 /* RegisterView.swift */,
				AAB4B82923564F29008273AE /* RegisterPresenter.swift */,
				AAB4B82B23564F35008273AE /* RegisterInteractor.swift */,
				AA2654DB234F66E50013B777 /* RegisterRouter.swift */,
				AA2654DD234F66F10013B777 /* Register.storyboard */,
			);
			path = Register;
			sourceTree = "<group>";
		};
		AA2654D8234F64C30013B777 /* Preset */ = {
			isa = PBXGroup;
			children = (
				AA2654E7234F68360013B777 /* PresetRouter.swift */,
				AA2654E5234F682D0013B777 /* PresetView.swift */,
				AA2654E9234F683F0013B777 /* Preset.storyboard */,
			);
			path = Preset;
			sourceTree = "<group>";
		};
		AA2654EB234F6B560013B777 /* EventTypes */ = {
			isa = PBXGroup;
			children = (
				AA2654EC234F6B730013B777 /* EventTypesView.swift */,
				AA2654EE234F6B820013B777 /* EventTypesRouter.swift */,
				AA2654F0234F6B8C0013B777 /* EventTypes.storyboard */,
			);
			path = EventTypes;
			sourceTree = "<group>";
		};
		AAB4B81423564394008273AE /* LoginMain */ = {
			isa = PBXGroup;
			children = (
				AAB4B81F23564423008273AE /* LoginMainAssembler.swift */,
				AAB4B817235643F3008273AE /* LoginMainPresenter.swift */,
				AAB4B819235643FE008273AE /* LoginMainInteractor.swift */,
				AAB4B815235643E6008273AE /* LoginMainView.swift */,
				AAB4B81B23564409008273AE /* LoginMainRouter.swift */,
				AAB4B81D23564413008273AE /* LoginMain.storyboard */,
			);
			path = LoginMain;
			sourceTree = "<group>";
		};
/* End PBXGroup section */

/* Begin PBXNativeTarget section */
		AA26549D234F54D60013B777 /* Legio */ = {
			isa = PBXNativeTarget;
			buildConfigurationList = AA2654B3234F54DA0013B777 /* Build configuration list for PBXNativeTarget "Legio" */;
			buildPhases = (
				AA26549A234F54D60013B777 /* Sources */,
				AA26549B234F54D60013B777 /* Frameworks */,
				AA26549C234F54D60013B777 /* Resources */,
			);
			buildRules = (
			);
			dependencies = (
			);
			name = Legio;
			productName = Legio;
			productReference = AA26549E234F54D60013B777 /* Legio.app */;
			productType = "com.apple.product-type.application";
		};
/* End PBXNativeTarget section */

/* Begin PBXProject section */
		AA265496234F54D60013B777 /* Project object */ = {
			isa = PBXProject;
			attributes = {
				LastSwiftUpdateCheck = 1020;
				LastUpgradeCheck = 1020;
				ORGANIZATIONNAME = "Марат Нургалиев";
				TargetAttributes = {
					AA26549D234F54D60013B777 = {
						CreatedOnToolsVersion = 10.2.1;
					};
				};
			};
			buildConfigurationList = AA265499234F54D60013B777 /* Build configuration list for PBXProject "Legio" */;
			compatibilityVersion = "Xcode 9.3";
			developmentRegion = en;
			hasScannedForEncodings = 0;
			knownRegions = (
				en,
				Base,
			);
			mainGroup = AA265495234F54D60013B777;
			productRefGroup = AA26549F234F54D60013B777 /* Products */;
			projectDirPath = "";
			projectRoot = "";
			targets = (
				AA26549D234F54D60013B777 /* Legio */,
			);
		};
/* End PBXProject section */

/* Begin PBXResourcesBuildPhase section */
		AA26549C234F54D60013B777 /* Resources */ = {
			isa = PBXResourcesBuildPhase;
			buildActionMask = 2147483647;
			files = (
				AA2654D4234F618D0013B777 /* Auth.storyboard in Resources */,
				AA2654EA234F683F0013B777 /* Preset.storyboard in Resources */,
				AA2654E4234F671A0013B777 /* Forgot.storyboard in Resources */,
				AAB4B81E23564413008273AE /* LoginMain.storyboard in Resources */,
				AA2654F1234F6B8C0013B777 /* EventTypes.storyboard in Resources */,
				AA2654AF234F54DA0013B777 /* LaunchScreen.storyboard in Resources */,
				AA2654AC234F54DA0013B777 /* Assets.xcassets in Resources */,
				AA2654F7234F6C5B0013B777 /* Main.storyboard in Resources */,
				AA2654B9234F56E90013B777 /* Root.storyboard in Resources */,
				AA2654DE234F66F10013B777 /* Register.storyboard in Resources */,
			);
			runOnlyForDeploymentPostprocessing = 0;
		};
/* End PBXResourcesBuildPhase section */

/* Begin PBXSourcesBuildPhase section */
		AA26549A234F54D60013B777 /* Sources */ = {
			isa = PBXSourcesBuildPhase;
			buildActionMask = 2147483647;
			files = (
				082B9361235A58FF004AD930 /* ValidateManager.swift in Sources */,
				AAB4B81C23564409008273AE /* LoginMainRouter.swift in Sources */,
				AA2654DA234F66D50013B777 /* RegisterView.swift in Sources */,
				AA2654DC234F66E50013B777 /* RegisterRouter.swift in Sources */,
				0486528D235C94BF00151324 /* CustomButton.swift in Sources */,
				AA2654A2234F54D60013B777 /* AppDelegate.swift in Sources */,
				082B936A235B9B7B004AD930 /* AuthInteractor.swift in Sources */,
				AA2654CD234F5F7F0013B777 /* BaseRouter.swift in Sources */,
				AA2654E0234F67020013B777 /* ForgotView.swift in Sources */,
				AA2654AA234F54D60013B777 /* Legio.xcdatamodeld in Sources */,
				AAB4B818235643F3008273AE /* LoginMainPresenter.swift in Sources */,
				AA2654C8234F5BA00013B777 /* RootRouter.swift in Sources */,
				AA2654E2234F67110013B777 /* ForgotRouter.swift in Sources */,
				AAB4B82023564423008273AE /* LoginMainAssembler.swift in Sources */,
				AAB4B81A235643FE008273AE /* LoginMainInteractor.swift in Sources */,
				08D896FA23526F2D0026ACBC /* User.swift in Sources */,
				AAB4B82A23564F29008273AE /* RegisterPresenter.swift in Sources */,
				AA2654D0234F61740013B777 /* AuthView.swift in Sources */,
				AAB4B8302356538B008273AE /* NetworkManager.swift in Sources */,
				AAB4B82E23564F41008273AE /* RegisterAssembler.swift in Sources */,
				082B9368235B9885004AD930 /* AuthPresenter.swift in Sources */,
				AAB4B82823564AA1008273AE /* RootPresenter.swift in Sources */,
				AA2654EF234F6B820013B777 /* EventTypesRouter.swift in Sources */,
				AAB4B82423564A86008273AE /* RootAssembler.swift in Sources */,
				AA2654ED234F6B730013B777 /* EventTypesView.swift in Sources */,
				08D896FE235282E40026ACBC /* plugs.swift in Sources */,
				AA2654F3234F6C490013B777 /* MainView.swift in Sources */,
				082B935F235A5881004AD930 /* ValidateProtocol.swift in Sources */,
				AA2654CB234F5EFC0013B777 /* ViewControllerNavigation+Ex.swift in Sources */,
				AA2654D2234F61820013B777 /* AuthRouter.swift in Sources */,
				AA2654E6234F682D0013B777 /* PresetView.swift in Sources */,
				AAB4B82623564A8F008273AE /* RootInteractor.swift in Sources */,
				AA2654BB234F57050013B777 /* RootView.swift in Sources */,
				082B936C235BA173004AD930 /* AuthAssemler.swift in Sources */,
				AA2654E8234F68360013B777 /* PresetRouter.swift in Sources */,
				AAB4B82C23564F35008273AE /* RegisterInteractor.swift in Sources */,
				AA2654F5234F6C520013B777 /* MainRouter.swift in Sources */,
				AAB4B816235643E6008273AE /* LoginMainView.swift in Sources */,
			);
			runOnlyForDeploymentPostprocessing = 0;
		};
/* End PBXSourcesBuildPhase section */

/* Begin PBXVariantGroup section */
		AA2654AD234F54DA0013B777 /* LaunchScreen.storyboard */ = {
			isa = PBXVariantGroup;
			children = (
				AA2654AE234F54DA0013B777 /* Base */,
			);
			name = LaunchScreen.storyboard;
			sourceTree = "<group>";
		};
/* End PBXVariantGroup section */

/* Begin XCBuildConfiguration section */
		AA2654B1234F54DA0013B777 /* Debug */ = {
			isa = XCBuildConfiguration;
			buildSettings = {
				ALWAYS_SEARCH_USER_PATHS = NO;
				CLANG_ANALYZER_NONNULL = YES;
				CLANG_ANALYZER_NUMBER_OBJECT_CONVERSION = YES_AGGRESSIVE;
				CLANG_CXX_LANGUAGE_STANDARD = "gnu++14";
				CLANG_CXX_LIBRARY = "libc++";
				CLANG_ENABLE_MODULES = YES;
				CLANG_ENABLE_OBJC_ARC = YES;
				CLANG_ENABLE_OBJC_WEAK = YES;
				CLANG_WARN_BLOCK_CAPTURE_AUTORELEASING = YES;
				CLANG_WARN_BOOL_CONVERSION = YES;
				CLANG_WARN_COMMA = YES;
				CLANG_WARN_CONSTANT_CONVERSION = YES;
				CLANG_WARN_DEPRECATED_OBJC_IMPLEMENTATIONS = YES;
				CLANG_WARN_DIRECT_OBJC_ISA_USAGE = YES_ERROR;
				CLANG_WARN_DOCUMENTATION_COMMENTS = YES;
				CLANG_WARN_EMPTY_BODY = YES;
				CLANG_WARN_ENUM_CONVERSION = YES;
				CLANG_WARN_INFINITE_RECURSION = YES;
				CLANG_WARN_INT_CONVERSION = YES;
				CLANG_WARN_NON_LITERAL_NULL_CONVERSION = YES;
				CLANG_WARN_OBJC_IMPLICIT_RETAIN_SELF = YES;
				CLANG_WARN_OBJC_LITERAL_CONVERSION = YES;
				CLANG_WARN_OBJC_ROOT_CLASS = YES_ERROR;
				CLANG_WARN_RANGE_LOOP_ANALYSIS = YES;
				CLANG_WARN_STRICT_PROTOTYPES = YES;
				CLANG_WARN_SUSPICIOUS_MOVE = YES;
				CLANG_WARN_UNGUARDED_AVAILABILITY = YES_AGGRESSIVE;
				CLANG_WARN_UNREACHABLE_CODE = YES;
				CLANG_WARN__DUPLICATE_METHOD_MATCH = YES;
				CODE_SIGN_IDENTITY = "iPhone Developer";
				COPY_PHASE_STRIP = NO;
				DEBUG_INFORMATION_FORMAT = dwarf;
				ENABLE_STRICT_OBJC_MSGSEND = YES;
				ENABLE_TESTABILITY = YES;
				GCC_C_LANGUAGE_STANDARD = gnu11;
				GCC_DYNAMIC_NO_PIC = NO;
				GCC_NO_COMMON_BLOCKS = YES;
				GCC_OPTIMIZATION_LEVEL = 0;
				GCC_PREPROCESSOR_DEFINITIONS = (
					"DEBUG=1",
					"$(inherited)",
				);
				GCC_WARN_64_TO_32_BIT_CONVERSION = YES;
				GCC_WARN_ABOUT_RETURN_TYPE = YES_ERROR;
				GCC_WARN_UNDECLARED_SELECTOR = YES;
				GCC_WARN_UNINITIALIZED_AUTOS = YES_AGGRESSIVE;
				GCC_WARN_UNUSED_FUNCTION = YES;
				GCC_WARN_UNUSED_VARIABLE = YES;
				IPHONEOS_DEPLOYMENT_TARGET = 12.2;
				MTL_ENABLE_DEBUG_INFO = INCLUDE_SOURCE;
				MTL_FAST_MATH = YES;
				ONLY_ACTIVE_ARCH = YES;
				SDKROOT = iphoneos;
				SWIFT_ACTIVE_COMPILATION_CONDITIONS = DEBUG;
				SWIFT_OPTIMIZATION_LEVEL = "-Onone";
			};
			name = Debug;
		};
		AA2654B2234F54DA0013B777 /* Release */ = {
			isa = XCBuildConfiguration;
			buildSettings = {
				ALWAYS_SEARCH_USER_PATHS = NO;
				CLANG_ANALYZER_NONNULL = YES;
				CLANG_ANALYZER_NUMBER_OBJECT_CONVERSION = YES_AGGRESSIVE;
				CLANG_CXX_LANGUAGE_STANDARD = "gnu++14";
				CLANG_CXX_LIBRARY = "libc++";
				CLANG_ENABLE_MODULES = YES;
				CLANG_ENABLE_OBJC_ARC = YES;
				CLANG_ENABLE_OBJC_WEAK = YES;
				CLANG_WARN_BLOCK_CAPTURE_AUTORELEASING = YES;
				CLANG_WARN_BOOL_CONVERSION = YES;
				CLANG_WARN_COMMA = YES;
				CLANG_WARN_CONSTANT_CONVERSION = YES;
				CLANG_WARN_DEPRECATED_OBJC_IMPLEMENTATIONS = YES;
				CLANG_WARN_DIRECT_OBJC_ISA_USAGE = YES_ERROR;
				CLANG_WARN_DOCUMENTATION_COMMENTS = YES;
				CLANG_WARN_EMPTY_BODY = YES;
				CLANG_WARN_ENUM_CONVERSION = YES;
				CLANG_WARN_INFINITE_RECURSION = YES;
				CLANG_WARN_INT_CONVERSION = YES;
				CLANG_WARN_NON_LITERAL_NULL_CONVERSION = YES;
				CLANG_WARN_OBJC_IMPLICIT_RETAIN_SELF = YES;
				CLANG_WARN_OBJC_LITERAL_CONVERSION = YES;
				CLANG_WARN_OBJC_ROOT_CLASS = YES_ERROR;
				CLANG_WARN_RANGE_LOOP_ANALYSIS = YES;
				CLANG_WARN_STRICT_PROTOTYPES = YES;
				CLANG_WARN_SUSPICIOUS_MOVE = YES;
				CLANG_WARN_UNGUARDED_AVAILABILITY = YES_AGGRESSIVE;
				CLANG_WARN_UNREACHABLE_CODE = YES;
				CLANG_WARN__DUPLICATE_METHOD_MATCH = YES;
				CODE_SIGN_IDENTITY = "iPhone Developer";
				COPY_PHASE_STRIP = NO;
				DEBUG_INFORMATION_FORMAT = "dwarf-with-dsym";
				ENABLE_NS_ASSERTIONS = NO;
				ENABLE_STRICT_OBJC_MSGSEND = YES;
				GCC_C_LANGUAGE_STANDARD = gnu11;
				GCC_NO_COMMON_BLOCKS = YES;
				GCC_WARN_64_TO_32_BIT_CONVERSION = YES;
				GCC_WARN_ABOUT_RETURN_TYPE = YES_ERROR;
				GCC_WARN_UNDECLARED_SELECTOR = YES;
				GCC_WARN_UNINITIALIZED_AUTOS = YES_AGGRESSIVE;
				GCC_WARN_UNUSED_FUNCTION = YES;
				GCC_WARN_UNUSED_VARIABLE = YES;
				IPHONEOS_DEPLOYMENT_TARGET = 12.2;
				MTL_ENABLE_DEBUG_INFO = NO;
				MTL_FAST_MATH = YES;
				SDKROOT = iphoneos;
				SWIFT_COMPILATION_MODE = wholemodule;
				SWIFT_OPTIMIZATION_LEVEL = "-O";
				VALIDATE_PRODUCT = YES;
			};
			name = Release;
		};
		AA2654B4234F54DA0013B777 /* Debug */ = {
			isa = XCBuildConfiguration;
			buildSettings = {
				ASSETCATALOG_COMPILER_APPICON_NAME = AppIcon;
				CODE_SIGN_STYLE = Automatic;
				DEVELOPMENT_TEAM = 7J4TANDD7J;
				INFOPLIST_FILE = "$(SRCROOT)/Legio/Resources/Info.plist";
				IPHONEOS_DEPLOYMENT_TARGET = 12.2;
				LD_RUNPATH_SEARCH_PATHS = (
					"$(inherited)",
					"@executable_path/Frameworks",
				);
				PRODUCT_BUNDLE_IDENTIFIER = ru.gb.app.legio;
				PRODUCT_NAME = "$(TARGET_NAME)";
				SWIFT_VERSION = 5.0;
				TARGETED_DEVICE_FAMILY = "1,2";
			};
			name = Debug;
		};
		AA2654B5234F54DA0013B777 /* Release */ = {
			isa = XCBuildConfiguration;
			buildSettings = {
				ASSETCATALOG_COMPILER_APPICON_NAME = AppIcon;
				CODE_SIGN_STYLE = Automatic;
				DEVELOPMENT_TEAM = 7J4TANDD7J;
				INFOPLIST_FILE = "$(SRCROOT)/Legio/Resources/Info.plist";
				IPHONEOS_DEPLOYMENT_TARGET = 12.2;
				LD_RUNPATH_SEARCH_PATHS = (
					"$(inherited)",
					"@executable_path/Frameworks",
				);
				PRODUCT_BUNDLE_IDENTIFIER = ru.gb.app.legio;
				PRODUCT_NAME = "$(TARGET_NAME)";
				SWIFT_VERSION = 5.0;
				TARGETED_DEVICE_FAMILY = "1,2";
			};
			name = Release;
		};
/* End XCBuildConfiguration section */

/* Begin XCConfigurationList section */
		AA265499234F54D60013B777 /* Build configuration list for PBXProject "Legio" */ = {
			isa = XCConfigurationList;
			buildConfigurations = (
				AA2654B1234F54DA0013B777 /* Debug */,
				AA2654B2234F54DA0013B777 /* Release */,
			);
			defaultConfigurationIsVisible = 0;
			defaultConfigurationName = Release;
		};
		AA2654B3234F54DA0013B777 /* Build configuration list for PBXNativeTarget "Legio" */ = {
			isa = XCConfigurationList;
			buildConfigurations = (
				AA2654B4234F54DA0013B777 /* Debug */,
				AA2654B5234F54DA0013B777 /* Release */,
			);
			defaultConfigurationIsVisible = 0;
			defaultConfigurationName = Release;
		};
/* End XCConfigurationList section */

/* Begin XCVersionGroup section */
		AA2654A8234F54D60013B777 /* Legio.xcdatamodeld */ = {
			isa = XCVersionGroup;
			children = (
				AA2654A9234F54D60013B777 /* Legio.xcdatamodel */,
			);
			currentVersion = AA2654A9234F54D60013B777 /* Legio.xcdatamodel */;
			path = Legio.xcdatamodeld;
			sourceTree = "<group>";
			versionGroupType = wrapper.xcdatamodel;
		};
/* End XCVersionGroup section */
	};
	rootObject = AA265496234F54D60013B777 /* Project object */;
}
