// !$*UTF8*$!
{
	archiveVersion = 1;
	classes = {
	};
	objectVersion = 51;
	objects = {

/* Begin PBXBuildFile section */
		04208E5E240AD6F700FC5F36 /* AuthService.swift in Sources */ = {isa = PBXBuildFile; fileRef = 04208E5D240AD6F700FC5F36 /* AuthService.swift */; };
		04208E60240AD70500FC5F36 /* AuthServiceImplementation.swift in Sources */ = {isa = PBXBuildFile; fileRef = 04208E5F240AD70500FC5F36 /* AuthServiceImplementation.swift */; };
		04208E62240AD71100FC5F36 /* AuthTarget.swift in Sources */ = {isa = PBXBuildFile; fileRef = 04208E61240AD71100FC5F36 /* AuthTarget.swift */; };
		04208E64240BA38700FC5F36 /* NetworkSettings.swift in Sources */ = {isa = PBXBuildFile; fileRef = 04208E63240BA38700FC5F36 /* NetworkSettings.swift */; };
		04208E66240C381B00FC5F36 /* UserProfile.swift in Sources */ = {isa = PBXBuildFile; fileRef = 04208E65240C381B00FC5F36 /* UserProfile.swift */; };
		04208E68240C3A8100FC5F36 /* NetworkError.swift in Sources */ = {isa = PBXBuildFile; fileRef = 04208E67240C3A8100FC5F36 /* NetworkError.swift */; };
		04C66A1F24215A2000584A55 /* InterestsService.swift in Sources */ = {isa = PBXBuildFile; fileRef = 04C66A1E24215A2000584A55 /* InterestsService.swift */; };
		04C66A2124215A3900584A55 /* InterestsServiceImplementation.swift in Sources */ = {isa = PBXBuildFile; fileRef = 04C66A2024215A3900584A55 /* InterestsServiceImplementation.swift */; };
		04C66A2324215A4C00584A55 /* InterestsTarget.swift in Sources */ = {isa = PBXBuildFile; fileRef = 04C66A2224215A4C00584A55 /* InterestsTarget.swift */; };
		04C66A25242161F600584A55 /* InterestsResponse.swift in Sources */ = {isa = PBXBuildFile; fileRef = 04C66A24242161F600584A55 /* InterestsResponse.swift */; };
		04C66A262422A8CC00584A55 /* InterestCellViewModel.swift in Sources */ = {isa = PBXBuildFile; fileRef = E14C3FA623FDDC8400C43877 /* InterestCellViewModel.swift */; };
		04CFB7E524140A030092D433 /* ProfileService.swift in Sources */ = {isa = PBXBuildFile; fileRef = 04CFB7E424140A030092D433 /* ProfileService.swift */; };
		04CFB7E724140AAF0092D433 /* ProfileServiceImplementation.swift in Sources */ = {isa = PBXBuildFile; fileRef = 04CFB7E624140AAF0092D433 /* ProfileServiceImplementation.swift */; };
		04CFB7E924140B880092D433 /* ProfileTarget.swift in Sources */ = {isa = PBXBuildFile; fileRef = 04CFB7E824140B880092D433 /* ProfileTarget.swift */; };
		04CFB7EB241580850092D433 /* Profile.swift in Sources */ = {isa = PBXBuildFile; fileRef = 04CFB7EA241580850092D433 /* Profile.swift */; };
		04CFB7EE241583030092D433 /* EventsService.swift in Sources */ = {isa = PBXBuildFile; fileRef = 04CFB7ED241583030092D433 /* EventsService.swift */; };
		04CFB7F0241583190092D433 /* EventsServiceImplementation.swift in Sources */ = {isa = PBXBuildFile; fileRef = 04CFB7EF241583190092D433 /* EventsServiceImplementation.swift */; };
		04CFB7F2241583230092D433 /* EventsTarget.swift in Sources */ = {isa = PBXBuildFile; fileRef = 04CFB7F1241583230092D433 /* EventsTarget.swift */; };
		04CFB7F42415868E0092D433 /* Event.swift in Sources */ = {isa = PBXBuildFile; fileRef = 04CFB7F32415868E0092D433 /* Event.swift */; };
		04CFB7F6241586F60092D433 /* PosterImage.swift in Sources */ = {isa = PBXBuildFile; fileRef = 04CFB7F5241586F60092D433 /* PosterImage.swift */; };
		04CFB7F82415874A0092D433 /* Location.swift in Sources */ = {isa = PBXBuildFile; fileRef = 04CFB7F72415874A0092D433 /* Location.swift */; };
		04CFB7FA241587900092D433 /* Category.swift in Sources */ = {isa = PBXBuildFile; fileRef = 04CFB7F9241587900092D433 /* Category.swift */; };
		E14C3FC423FDDCAA00C43877 /* AppDelegate.swift in Sources */ = {isa = PBXBuildFile; fileRef = E14C3F6D23FDDC8400C43877 /* AppDelegate.swift */; };
		E14C3FC523FDDCB000C43877 /* CustomButton.swift in Sources */ = {isa = PBXBuildFile; fileRef = E14C3F5023FDDC8400C43877 /* CustomButton.swift */; };
		E14C3FC623FDDCB400C43877 /* PresetSlider.swift in Sources */ = {isa = PBXBuildFile; fileRef = E14C3F5123FDDC8400C43877 /* PresetSlider.swift */; };
		E14C3FC723FDDCBB00C43877 /* UIImageView+Extension.swift in Sources */ = {isa = PBXBuildFile; fileRef = E14C3F5323FDDC8400C43877 /* UIImageView+Extension.swift */; };
		E14C3FC823FDDCBB00C43877 /* UIColor+Extension.swift in Sources */ = {isa = PBXBuildFile; fileRef = E14C3F5423FDDC8400C43877 /* UIColor+Extension.swift */; };
		E14C3FC923FDDCBB00C43877 /* UILabel+Extension.swift in Sources */ = {isa = PBXBuildFile; fileRef = E14C3F5523FDDC8400C43877 /* UILabel+Extension.swift */; };
		E14C3FCA23FDDCBB00C43877 /* UIView+Extension.swift in Sources */ = {isa = PBXBuildFile; fileRef = E14C3F5623FDDC8400C43877 /* UIView+Extension.swift */; };
		E14C3FCB23FDDCBB00C43877 /* Double+Extension.swift in Sources */ = {isa = PBXBuildFile; fileRef = E14C3F5723FDDC8400C43877 /* Double+Extension.swift */; };
		E14C3FCC23FDDCBB00C43877 /* plugs.swift in Sources */ = {isa = PBXBuildFile; fileRef = E14C3F5823FDDC8400C43877 /* plugs.swift */; };
		E14C3FCD23FDDCBB00C43877 /* Float+Extention.swift in Sources */ = {isa = PBXBuildFile; fileRef = E14C3F5923FDDC8400C43877 /* Float+Extention.swift */; };
		E14C3FCE23FDDCBB00C43877 /* ViewControllerNavigation+Ex.swift in Sources */ = {isa = PBXBuildFile; fileRef = E14C3F5A23FDDC8400C43877 /* ViewControllerNavigation+Ex.swift */; };
		E14C3FCF23FDDCC000C43877 /* ResponseSetTimeInvest.swift in Sources */ = {isa = PBXBuildFile; fileRef = E14C3F5C23FDDC8400C43877 /* ResponseSetTimeInvest.swift */; };
		E14C3FD023FDDCC000C43877 /* Interest.swift in Sources */ = {isa = PBXBuildFile; fileRef = E14C3F5D23FDDC8400C43877 /* Interest.swift */; };
		E14C3FD123FDDCC400C43877 /* BaseRouter.swift in Sources */ = {isa = PBXBuildFile; fileRef = E14C3F5F23FDDC8400C43877 /* BaseRouter.swift */; };
		E14C3FD223FDDCCE00C43877 /* Legio.xcdatamodeld in Sources */ = {isa = PBXBuildFile; fileRef = E14C3F6223FDDC8400C43877 /* Legio.xcdatamodeld */; };
		E14C3FD323FDDCD100C43877 /* NotificationDelegate.swift in Sources */ = {isa = PBXBuildFile; fileRef = E14C3F6423FDDC8400C43877 /* NotificationDelegate.swift */; };
		E14C3FD623FDDCE200C43877 /* LocationManager.swift in Sources */ = {isa = PBXBuildFile; fileRef = E14C3F6B23FDDC8400C43877 /* LocationManager.swift */; };
		E14C3FD723FDDCE700C43877 /* ValidateManager.swift in Sources */ = {isa = PBXBuildFile; fileRef = E14C3F6923FDDC8400C43877 /* ValidateManager.swift */; };
		E14C3FD823FDDCE700C43877 /* ValidateProtocol.swift in Sources */ = {isa = PBXBuildFile; fileRef = E14C3F6A23FDDC8400C43877 /* ValidateProtocol.swift */; };
		E14C3FD923FDDCF200C43877 /* PresetAssembler.swift in Sources */ = {isa = PBXBuildFile; fileRef = E14C3F7023FDDC8400C43877 /* PresetAssembler.swift */; };
		E14C3FDA23FDDCF200C43877 /* Preset.storyboard in Resources */ = {isa = PBXBuildFile; fileRef = E14C3F7123FDDC8400C43877 /* Preset.storyboard */; };
		E14C3FDB23FDDCF200C43877 /* PresetPresenter.swift in Sources */ = {isa = PBXBuildFile; fileRef = E14C3F7223FDDC8400C43877 /* PresetPresenter.swift */; };
		E14C3FDC23FDDCF200C43877 /* PresetRouter.swift in Sources */ = {isa = PBXBuildFile; fileRef = E14C3F7323FDDC8400C43877 /* PresetRouter.swift */; };
		E14C3FDD23FDDCF200C43877 /* PresetView.swift in Sources */ = {isa = PBXBuildFile; fileRef = E14C3F7423FDDC8400C43877 /* PresetView.swift */; };
		E14C3FDE23FDDCF200C43877 /* PresetEntity.swift in Sources */ = {isa = PBXBuildFile; fileRef = E14C3F7523FDDC8400C43877 /* PresetEntity.swift */; };
		E14C3FDF23FDDCF200C43877 /* PresetInteractor.swift in Sources */ = {isa = PBXBuildFile; fileRef = E14C3F7623FDDC8400C43877 /* PresetInteractor.swift */; };
		E14C3FE023FDDCFE00C43877 /* Auth.storyboard in Resources */ = {isa = PBXBuildFile; fileRef = E14C3F7823FDDC8400C43877 /* Auth.storyboard */; };
		E14C3FE123FDDCFE00C43877 /* AuthPresenter.swift in Sources */ = {isa = PBXBuildFile; fileRef = E14C3F7923FDDC8400C43877 /* AuthPresenter.swift */; };
		E14C3FE223FDDCFE00C43877 /* AuthView.swift in Sources */ = {isa = PBXBuildFile; fileRef = E14C3F7A23FDDC8400C43877 /* AuthView.swift */; };
		E14C3FE323FDDCFE00C43877 /* AuthRouter.swift in Sources */ = {isa = PBXBuildFile; fileRef = E14C3F7B23FDDC8400C43877 /* AuthRouter.swift */; };
		E14C3FE423FDDCFE00C43877 /* AuthAssemler.swift in Sources */ = {isa = PBXBuildFile; fileRef = E14C3F7C23FDDC8400C43877 /* AuthAssemler.swift */; };
		E14C3FE523FDDCFE00C43877 /* AuthInteractor.swift in Sources */ = {isa = PBXBuildFile; fileRef = E14C3F7D23FDDC8400C43877 /* AuthInteractor.swift */; };
		E14C3FE623FDDD0500C43877 /* Feedback.storyboard in Resources */ = {isa = PBXBuildFile; fileRef = E14C3F7F23FDDC8400C43877 /* Feedback.storyboard */; };
		E14C3FE723FDDD0500C43877 /* FeedbackAssembler.swift in Sources */ = {isa = PBXBuildFile; fileRef = E14C3F8023FDDC8400C43877 /* FeedbackAssembler.swift */; };
		E14C3FE823FDDD0500C43877 /* FeedbackRouter.swift in Sources */ = {isa = PBXBuildFile; fileRef = E14C3F8123FDDC8400C43877 /* FeedbackRouter.swift */; };
		E14C3FE923FDDD0500C43877 /* FeedbackView.swift in Sources */ = {isa = PBXBuildFile; fileRef = E14C3F8223FDDC8400C43877 /* FeedbackView.swift */; };
		E14C3FEA23FDDD0500C43877 /* FeedbackInteractor.swift in Sources */ = {isa = PBXBuildFile; fileRef = E14C3F8323FDDC8400C43877 /* FeedbackInteractor.swift */; };
		E14C3FEB23FDDD0500C43877 /* FeedbackPresenter.swift in Sources */ = {isa = PBXBuildFile; fileRef = E14C3F8423FDDC8400C43877 /* FeedbackPresenter.swift */; };
		E14C3FEC23FDDD0C00C43877 /* RegisterPresenter.swift in Sources */ = {isa = PBXBuildFile; fileRef = E14C3F8623FDDC8400C43877 /* RegisterPresenter.swift */; };
		E14C3FED23FDDD0C00C43877 /* RegisterRouter.swift in Sources */ = {isa = PBXBuildFile; fileRef = E14C3F8723FDDC8400C43877 /* RegisterRouter.swift */; };
		E14C3FEE23FDDD0C00C43877 /* RegisterAssembler.swift in Sources */ = {isa = PBXBuildFile; fileRef = E14C3F8823FDDC8400C43877 /* RegisterAssembler.swift */; };
		E14C3FEF23FDDD0C00C43877 /* RegisterInteractor.swift in Sources */ = {isa = PBXBuildFile; fileRef = E14C3F8923FDDC8400C43877 /* RegisterInteractor.swift */; };
		E14C3FF023FDDD0C00C43877 /* Register.storyboard in Resources */ = {isa = PBXBuildFile; fileRef = E14C3F8A23FDDC8400C43877 /* Register.storyboard */; };
		E14C3FF123FDDD0C00C43877 /* RegisterView.swift in Sources */ = {isa = PBXBuildFile; fileRef = E14C3F8B23FDDC8400C43877 /* RegisterView.swift */; };
		E14C3FF223FDDD1200C43877 /* ProfilePresenter.swift in Sources */ = {isa = PBXBuildFile; fileRef = E14C3F8D23FDDC8400C43877 /* ProfilePresenter.swift */; };
		E14C3FF323FDDD1200C43877 /* ProfileRouter.swift in Sources */ = {isa = PBXBuildFile; fileRef = E14C3F8E23FDDC8400C43877 /* ProfileRouter.swift */; };
		E14C3FF423FDDD1200C43877 /* ProfileView.swift in Sources */ = {isa = PBXBuildFile; fileRef = E14C3F8F23FDDC8400C43877 /* ProfileView.swift */; };
		E14C3FF523FDDD1200C43877 /* ProfileView.storyboard in Resources */ = {isa = PBXBuildFile; fileRef = E14C3F9023FDDC8400C43877 /* ProfileView.storyboard */; };
		E14C3FF623FDDD1200C43877 /* ProfileAssembler.swift in Sources */ = {isa = PBXBuildFile; fileRef = E14C3F9123FDDC8400C43877 /* ProfileAssembler.swift */; };
		E14C3FF723FDDD1200C43877 /* ProfileInteractor.swift in Sources */ = {isa = PBXBuildFile; fileRef = E14C3F9223FDDC8400C43877 /* ProfileInteractor.swift */; };
		E14C3FF823FDDD1700C43877 /* LoginMain.storyboard in Resources */ = {isa = PBXBuildFile; fileRef = E14C3F9423FDDC8400C43877 /* LoginMain.storyboard */; };
		E14C3FF923FDDD1700C43877 /* LoginMainInteractor.swift in Sources */ = {isa = PBXBuildFile; fileRef = E14C3F9523FDDC8400C43877 /* LoginMainInteractor.swift */; };
		E14C3FFA23FDDD1700C43877 /* LoginMainRouter.swift in Sources */ = {isa = PBXBuildFile; fileRef = E14C3F9623FDDC8400C43877 /* LoginMainRouter.swift */; };
		E14C3FFB23FDDD1700C43877 /* LoginMainAssembler.swift in Sources */ = {isa = PBXBuildFile; fileRef = E14C3F9723FDDC8400C43877 /* LoginMainAssembler.swift */; };
		E14C3FFC23FDDD1700C43877 /* LoginMainPresenter.swift in Sources */ = {isa = PBXBuildFile; fileRef = E14C3F9823FDDC8400C43877 /* LoginMainPresenter.swift */; };
		E14C3FFD23FDDD1700C43877 /* LoginMainView.swift in Sources */ = {isa = PBXBuildFile; fileRef = E14C3F9923FDDC8400C43877 /* LoginMainView.swift */; };
		E14C3FFE23FDDD1F00C43877 /* EventTypesPresenter.swift in Sources */ = {isa = PBXBuildFile; fileRef = E14C3F9B23FDDC8400C43877 /* EventTypesPresenter.swift */; };
		E14C3FFF23FDDD1F00C43877 /* EventTypesRouter.swift in Sources */ = {isa = PBXBuildFile; fileRef = E14C3F9C23FDDC8400C43877 /* EventTypesRouter.swift */; };
		E14C400023FDDD1F00C43877 /* EventTypesAssembler.swift in Sources */ = {isa = PBXBuildFile; fileRef = E14C3F9D23FDDC8400C43877 /* EventTypesAssembler.swift */; };
		E14C400123FDDD1F00C43877 /* EventTypesInteractor.swift in Sources */ = {isa = PBXBuildFile; fileRef = E14C3F9E23FDDC8400C43877 /* EventTypesInteractor.swift */; };
		E14C400223FDDD1F00C43877 /* EventTypesEntity.swift in Sources */ = {isa = PBXBuildFile; fileRef = E14C3F9F23FDDC8400C43877 /* EventTypesEntity.swift */; };
		E14C400323FDDD2700C43877 /* EventTypesCell.swift in Sources */ = {isa = PBXBuildFile; fileRef = E14C3FA923FDDC8400C43877 /* EventTypesCell.swift */; };
		E14C400423FDDD2700C43877 /* EventTypesView.swift in Sources */ = {isa = PBXBuildFile; fileRef = E14C3FAA23FDDC8400C43877 /* EventTypesView.swift */; };
		E14C400523FDDD2700C43877 /* EventTypes.storyboard in Resources */ = {isa = PBXBuildFile; fileRef = E14C3FAB23FDDC8400C43877 /* EventTypes.storyboard */; };
		E14C400623FDDD2E00C43877 /* RootInteractor.swift in Sources */ = {isa = PBXBuildFile; fileRef = E14C3FAD23FDDC8400C43877 /* RootInteractor.swift */; };
		E14C400723FDDD2E00C43877 /* RootRouter.swift in Sources */ = {isa = PBXBuildFile; fileRef = E14C3FAE23FDDC8400C43877 /* RootRouter.swift */; };
		E14C400823FDDD2E00C43877 /* RootView.swift in Sources */ = {isa = PBXBuildFile; fileRef = E14C3FAF23FDDC8400C43877 /* RootView.swift */; };
		E14C400923FDDD2E00C43877 /* Root.storyboard in Resources */ = {isa = PBXBuildFile; fileRef = E14C3FB023FDDC8400C43877 /* Root.storyboard */; };
		E14C400A23FDDD2E00C43877 /* RootPresenter.swift in Sources */ = {isa = PBXBuildFile; fileRef = E14C3FB123FDDC8400C43877 /* RootPresenter.swift */; };
		E14C400B23FDDD2E00C43877 /* RootAssembler.swift in Sources */ = {isa = PBXBuildFile; fileRef = E14C3FB223FDDC8400C43877 /* RootAssembler.swift */; };
		E14C400C23FDDD3300C43877 /* Forgot.storyboard in Resources */ = {isa = PBXBuildFile; fileRef = E14C3FB423FDDC8400C43877 /* Forgot.storyboard */; };
		E14C400D23FDDD3300C43877 /* ForgotView.swift in Sources */ = {isa = PBXBuildFile; fileRef = E14C3FB523FDDC8400C43877 /* ForgotView.swift */; };
		E14C400E23FDDD3300C43877 /* ForgotRouter.swift in Sources */ = {isa = PBXBuildFile; fileRef = E14C3FB623FDDC8400C43877 /* ForgotRouter.swift */; };
		E14C400F23FDDD3A00C43877 /* Main.storyboard in Resources */ = {isa = PBXBuildFile; fileRef = E14C3FB823FDDC8400C43877 /* Main.storyboard */; };
		E14C401023FDDD3A00C43877 /* MainRouter.swift in Sources */ = {isa = PBXBuildFile; fileRef = E14C3FB923FDDC8400C43877 /* MainRouter.swift */; };
		E14C401123FDDD3A00C43877 /* MainView.swift in Sources */ = {isa = PBXBuildFile; fileRef = E14C3FBA23FDDC8400C43877 /* MainView.swift */; };
		E14C401223FDDD4000C43877 /* EventView.swift in Sources */ = {isa = PBXBuildFile; fileRef = E14C3FBC23FDDC8400C43877 /* EventView.swift */; };
		E14C401323FDDD4000C43877 /* EventAssembler.swift in Sources */ = {isa = PBXBuildFile; fileRef = E14C3FBD23FDDC8400C43877 /* EventAssembler.swift */; };
		E14C401523FDDD4000C43877 /* EventPresenter.swift in Sources */ = {isa = PBXBuildFile; fileRef = E14C3FBF23FDDC8400C43877 /* EventPresenter.swift */; };
		E14C401623FDDD4000C43877 /* Event.storyboard in Resources */ = {isa = PBXBuildFile; fileRef = E14C3FC023FDDC8400C43877 /* Event.storyboard */; };
		E14C401723FDDD4000C43877 /* EventWebView.swift in Sources */ = {isa = PBXBuildFile; fileRef = E14C3FC123FDDC8400C43877 /* EventWebView.swift */; };
		E14C401823FDDD4000C43877 /* EventInteractor.swift in Sources */ = {isa = PBXBuildFile; fileRef = E14C3FC223FDDC8400C43877 /* EventInteractor.swift */; };
		E14C401923FDDD4000C43877 /* EventRouter.swift in Sources */ = {isa = PBXBuildFile; fileRef = E14C3FC323FDDC8400C43877 /* EventRouter.swift */; };
		E14C401A23FDDD4A00C43877 /* Assets.xcassets in Resources */ = {isa = PBXBuildFile; fileRef = E14C3F3C23FDDC8400C43877 /* Assets.xcassets */; };
		E14C401B23FDDD4E00C43877 /* LaunchScreen.storyboard in Resources */ = {isa = PBXBuildFile; fileRef = E14C3F3D23FDDC8400C43877 /* LaunchScreen.storyboard */; };
		E14C401D23FDDD5C00C43877 /* SFUIText-Medium.ttf in Resources */ = {isa = PBXBuildFile; fileRef = E14C3F4123FDDC8400C43877 /* SFUIText-Medium.ttf */; };
		E14C401E23FDDD5C00C43877 /* SFUIText-Regular.ttf in Resources */ = {isa = PBXBuildFile; fileRef = E14C3F4223FDDC8400C43877 /* SFUIText-Regular.ttf */; };
		E14C401F23FDDD5C00C43877 /* SFUIText-Heavy.ttf in Resources */ = {isa = PBXBuildFile; fileRef = E14C3F4323FDDC8400C43877 /* SFUIText-Heavy.ttf */; };
		E14C402023FDDD5C00C43877 /* SFUIText-Bold.ttf in Resources */ = {isa = PBXBuildFile; fileRef = E14C3F4423FDDC8400C43877 /* SFUIText-Bold.ttf */; };
		E14C402123FDDD5C00C43877 /* SFUIText-Light.ttf in Resources */ = {isa = PBXBuildFile; fileRef = E14C3F4523FDDC8400C43877 /* SFUIText-Light.ttf */; };
		E14C402223FDDD5C00C43877 /* SFUIText-Semibold.ttf in Resources */ = {isa = PBXBuildFile; fileRef = E14C3F4623FDDC8400C43877 /* SFUIText-Semibold.ttf */; };
		E14C402323FDDD5C00C43877 /* SFUIText-LightItalic.ttf in Resources */ = {isa = PBXBuildFile; fileRef = E14C3F4723FDDC8400C43877 /* SFUIText-LightItalic.ttf */; };
		E14C402423FDDD5C00C43877 /* SFUIText-BoldItalic.ttf in Resources */ = {isa = PBXBuildFile; fileRef = E14C3F4823FDDC8400C43877 /* SFUIText-BoldItalic.ttf */; };
		E14C402523FDDD5C00C43877 /* SFUIText-MediumItalic.ttf in Resources */ = {isa = PBXBuildFile; fileRef = E14C3F4923FDDC8400C43877 /* SFUIText-MediumItalic.ttf */; };
		E14C402623FDDD5C00C43877 /* SFUIText-SemiboldItalic.ttf in Resources */ = {isa = PBXBuildFile; fileRef = E14C3F4A23FDDC8400C43877 /* SFUIText-SemiboldItalic.ttf */; };
		E14C402723FDDD5C00C43877 /* SFUIText-HeavyItalic.ttf in Resources */ = {isa = PBXBuildFile; fileRef = E14C3F4B23FDDC8400C43877 /* SFUIText-HeavyItalic.ttf */; };
		E14C402823FDDD5C00C43877 /* SFUIText-RegularItalic.ttf in Resources */ = {isa = PBXBuildFile; fileRef = E14C3F4C23FDDC8400C43877 /* SFUIText-RegularItalic.ttf */; };
		E14C402B2401351400C43877 /* InterestCell.swift in Sources */ = {isa = PBXBuildFile; fileRef = E14C3FA723FDDC8400C43877 /* InterestCell.swift */; };
		E14C402D2401351900C43877 /* InterestPrototypeCell.swift in Sources */ = {isa = PBXBuildFile; fileRef = E14C3FA823FDDC8400C43877 /* InterestPrototypeCell.swift */; };
		F9C518B94673FEF3995583BE /* Pods_Legio.framework in Frameworks */ = {isa = PBXBuildFile; fileRef = FDE3A1D082D90CB0A13800D7 /* Pods_Legio.framework */; };
/* End PBXBuildFile section */

/* Begin PBXFileReference section */
		04208E5D240AD6F700FC5F36 /* AuthService.swift */ = {isa = PBXFileReference; lastKnownFileType = sourcecode.swift; path = AuthService.swift; sourceTree = "<group>"; };
		04208E5F240AD70500FC5F36 /* AuthServiceImplementation.swift */ = {isa = PBXFileReference; lastKnownFileType = sourcecode.swift; path = AuthServiceImplementation.swift; sourceTree = "<group>"; };
		04208E61240AD71100FC5F36 /* AuthTarget.swift */ = {isa = PBXFileReference; lastKnownFileType = sourcecode.swift; path = AuthTarget.swift; sourceTree = "<group>"; };
		04208E63240BA38700FC5F36 /* NetworkSettings.swift */ = {isa = PBXFileReference; lastKnownFileType = sourcecode.swift; path = NetworkSettings.swift; sourceTree = "<group>"; };
		04208E65240C381B00FC5F36 /* UserProfile.swift */ = {isa = PBXFileReference; lastKnownFileType = sourcecode.swift; path = UserProfile.swift; sourceTree = "<group>"; };
		04208E67240C3A8100FC5F36 /* NetworkError.swift */ = {isa = PBXFileReference; lastKnownFileType = sourcecode.swift; path = NetworkError.swift; sourceTree = "<group>"; };
		04C66A1E24215A2000584A55 /* InterestsService.swift */ = {isa = PBXFileReference; lastKnownFileType = sourcecode.swift; path = InterestsService.swift; sourceTree = "<group>"; };
		04C66A2024215A3900584A55 /* InterestsServiceImplementation.swift */ = {isa = PBXFileReference; lastKnownFileType = sourcecode.swift; path = InterestsServiceImplementation.swift; sourceTree = "<group>"; };
		04C66A2224215A4C00584A55 /* InterestsTarget.swift */ = {isa = PBXFileReference; lastKnownFileType = sourcecode.swift; path = InterestsTarget.swift; sourceTree = "<group>"; };
		04C66A24242161F600584A55 /* InterestsResponse.swift */ = {isa = PBXFileReference; lastKnownFileType = sourcecode.swift; path = InterestsResponse.swift; sourceTree = "<group>"; };
		04CFB7E424140A030092D433 /* ProfileService.swift */ = {isa = PBXFileReference; lastKnownFileType = sourcecode.swift; path = ProfileService.swift; sourceTree = "<group>"; };
		04CFB7E624140AAF0092D433 /* ProfileServiceImplementation.swift */ = {isa = PBXFileReference; lastKnownFileType = sourcecode.swift; path = ProfileServiceImplementation.swift; sourceTree = "<group>"; };
		04CFB7E824140B880092D433 /* ProfileTarget.swift */ = {isa = PBXFileReference; lastKnownFileType = sourcecode.swift; path = ProfileTarget.swift; sourceTree = "<group>"; };
		04CFB7EA241580850092D433 /* Profile.swift */ = {isa = PBXFileReference; lastKnownFileType = sourcecode.swift; path = Profile.swift; sourceTree = "<group>"; };
		04CFB7ED241583030092D433 /* EventsService.swift */ = {isa = PBXFileReference; lastKnownFileType = sourcecode.swift; path = EventsService.swift; sourceTree = "<group>"; };
		04CFB7EF241583190092D433 /* EventsServiceImplementation.swift */ = {isa = PBXFileReference; lastKnownFileType = sourcecode.swift; path = EventsServiceImplementation.swift; sourceTree = "<group>"; };
		04CFB7F1241583230092D433 /* EventsTarget.swift */ = {isa = PBXFileReference; lastKnownFileType = sourcecode.swift; path = EventsTarget.swift; sourceTree = "<group>"; };
		04CFB7F32415868E0092D433 /* Event.swift */ = {isa = PBXFileReference; lastKnownFileType = sourcecode.swift; path = Event.swift; sourceTree = "<group>"; };
		04CFB7F5241586F60092D433 /* PosterImage.swift */ = {isa = PBXFileReference; lastKnownFileType = sourcecode.swift; path = PosterImage.swift; sourceTree = "<group>"; };
		04CFB7F72415874A0092D433 /* Location.swift */ = {isa = PBXFileReference; lastKnownFileType = sourcecode.swift; path = Location.swift; sourceTree = "<group>"; };
		04CFB7F9241587900092D433 /* Category.swift */ = {isa = PBXFileReference; lastKnownFileType = sourcecode.swift; path = Category.swift; sourceTree = "<group>"; };
		4017DB3B16079A081922E3B4 /* Pods-Legio.debug.xcconfig */ = {isa = PBXFileReference; includeInIndex = 1; lastKnownFileType = text.xcconfig; name = "Pods-Legio.debug.xcconfig"; path = "Target Support Files/Pods-Legio/Pods-Legio.debug.xcconfig"; sourceTree = "<group>"; };
		AA26549E234F54D60013B777 /* Legio.app */ = {isa = PBXFileReference; explicitFileType = wrapper.application; includeInIndex = 0; path = Legio.app; sourceTree = BUILT_PRODUCTS_DIR; };
		B60D37E4C4512EF3B7DF59E8 /* Pods-Legio.release.xcconfig */ = {isa = PBXFileReference; includeInIndex = 1; lastKnownFileType = text.xcconfig; name = "Pods-Legio.release.xcconfig"; path = "Target Support Files/Pods-Legio/Pods-Legio.release.xcconfig"; sourceTree = "<group>"; };
		E14C3F3C23FDDC8400C43877 /* Assets.xcassets */ = {isa = PBXFileReference; lastKnownFileType = folder.assetcatalog; path = Assets.xcassets; sourceTree = "<group>"; };
		E14C3F3E23FDDC8400C43877 /* Base */ = {isa = PBXFileReference; lastKnownFileType = file.storyboard; name = Base; path = Base.lproj/LaunchScreen.storyboard; sourceTree = "<group>"; };
		E14C3F4123FDDC8400C43877 /* SFUIText-Medium.ttf */ = {isa = PBXFileReference; lastKnownFileType = file; path = "SFUIText-Medium.ttf"; sourceTree = "<group>"; };
		E14C3F4223FDDC8400C43877 /* SFUIText-Regular.ttf */ = {isa = PBXFileReference; lastKnownFileType = file; path = "SFUIText-Regular.ttf"; sourceTree = "<group>"; };
		E14C3F4323FDDC8400C43877 /* SFUIText-Heavy.ttf */ = {isa = PBXFileReference; lastKnownFileType = file; path = "SFUIText-Heavy.ttf"; sourceTree = "<group>"; };
		E14C3F4423FDDC8400C43877 /* SFUIText-Bold.ttf */ = {isa = PBXFileReference; lastKnownFileType = file; path = "SFUIText-Bold.ttf"; sourceTree = "<group>"; };
		E14C3F4523FDDC8400C43877 /* SFUIText-Light.ttf */ = {isa = PBXFileReference; lastKnownFileType = file; path = "SFUIText-Light.ttf"; sourceTree = "<group>"; };
		E14C3F4623FDDC8400C43877 /* SFUIText-Semibold.ttf */ = {isa = PBXFileReference; lastKnownFileType = file; path = "SFUIText-Semibold.ttf"; sourceTree = "<group>"; };
		E14C3F4723FDDC8400C43877 /* SFUIText-LightItalic.ttf */ = {isa = PBXFileReference; lastKnownFileType = file; path = "SFUIText-LightItalic.ttf"; sourceTree = "<group>"; };
		E14C3F4823FDDC8400C43877 /* SFUIText-BoldItalic.ttf */ = {isa = PBXFileReference; lastKnownFileType = file; path = "SFUIText-BoldItalic.ttf"; sourceTree = "<group>"; };
		E14C3F4923FDDC8400C43877 /* SFUIText-MediumItalic.ttf */ = {isa = PBXFileReference; lastKnownFileType = file; path = "SFUIText-MediumItalic.ttf"; sourceTree = "<group>"; };
		E14C3F4A23FDDC8400C43877 /* SFUIText-SemiboldItalic.ttf */ = {isa = PBXFileReference; lastKnownFileType = file; path = "SFUIText-SemiboldItalic.ttf"; sourceTree = "<group>"; };
		E14C3F4B23FDDC8400C43877 /* SFUIText-HeavyItalic.ttf */ = {isa = PBXFileReference; lastKnownFileType = file; path = "SFUIText-HeavyItalic.ttf"; sourceTree = "<group>"; };
		E14C3F4C23FDDC8400C43877 /* SFUIText-RegularItalic.ttf */ = {isa = PBXFileReference; lastKnownFileType = file; path = "SFUIText-RegularItalic.ttf"; sourceTree = "<group>"; };
		E14C3F4D23FDDC8400C43877 /* Info.plist */ = {isa = PBXFileReference; lastKnownFileType = text.plist.xml; path = Info.plist; sourceTree = "<group>"; };
		E14C3F5023FDDC8400C43877 /* CustomButton.swift */ = {isa = PBXFileReference; lastKnownFileType = sourcecode.swift; path = CustomButton.swift; sourceTree = "<group>"; };
		E14C3F5123FDDC8400C43877 /* PresetSlider.swift */ = {isa = PBXFileReference; lastKnownFileType = sourcecode.swift; path = PresetSlider.swift; sourceTree = "<group>"; };
		E14C3F5323FDDC8400C43877 /* UIImageView+Extension.swift */ = {isa = PBXFileReference; lastKnownFileType = sourcecode.swift; path = "UIImageView+Extension.swift"; sourceTree = "<group>"; };
		E14C3F5423FDDC8400C43877 /* UIColor+Extension.swift */ = {isa = PBXFileReference; lastKnownFileType = sourcecode.swift; path = "UIColor+Extension.swift"; sourceTree = "<group>"; };
		E14C3F5523FDDC8400C43877 /* UILabel+Extension.swift */ = {isa = PBXFileReference; lastKnownFileType = sourcecode.swift; path = "UILabel+Extension.swift"; sourceTree = "<group>"; };
		E14C3F5623FDDC8400C43877 /* UIView+Extension.swift */ = {isa = PBXFileReference; lastKnownFileType = sourcecode.swift; path = "UIView+Extension.swift"; sourceTree = "<group>"; };
		E14C3F5723FDDC8400C43877 /* Double+Extension.swift */ = {isa = PBXFileReference; lastKnownFileType = sourcecode.swift; path = "Double+Extension.swift"; sourceTree = "<group>"; };
		E14C3F5823FDDC8400C43877 /* plugs.swift */ = {isa = PBXFileReference; lastKnownFileType = sourcecode.swift; path = plugs.swift; sourceTree = "<group>"; };
		E14C3F5923FDDC8400C43877 /* Float+Extention.swift */ = {isa = PBXFileReference; lastKnownFileType = sourcecode.swift; path = "Float+Extention.swift"; sourceTree = "<group>"; };
		E14C3F5A23FDDC8400C43877 /* ViewControllerNavigation+Ex.swift */ = {isa = PBXFileReference; lastKnownFileType = sourcecode.swift; path = "ViewControllerNavigation+Ex.swift"; sourceTree = "<group>"; };
		E14C3F5C23FDDC8400C43877 /* ResponseSetTimeInvest.swift */ = {isa = PBXFileReference; lastKnownFileType = sourcecode.swift; path = ResponseSetTimeInvest.swift; sourceTree = "<group>"; };
		E14C3F5D23FDDC8400C43877 /* Interest.swift */ = {isa = PBXFileReference; lastKnownFileType = sourcecode.swift; path = Interest.swift; sourceTree = "<group>"; };
		E14C3F5F23FDDC8400C43877 /* BaseRouter.swift */ = {isa = PBXFileReference; lastKnownFileType = sourcecode.swift; path = BaseRouter.swift; sourceTree = "<group>"; };
		E14C3F6323FDDC8400C43877 /* Legio.xcdatamodel */ = {isa = PBXFileReference; lastKnownFileType = wrapper.xcdatamodel; path = Legio.xcdatamodel; sourceTree = "<group>"; };
		E14C3F6423FDDC8400C43877 /* NotificationDelegate.swift */ = {isa = PBXFileReference; lastKnownFileType = sourcecode.swift; path = NotificationDelegate.swift; sourceTree = "<group>"; };
		E14C3F6923FDDC8400C43877 /* ValidateManager.swift */ = {isa = PBXFileReference; lastKnownFileType = sourcecode.swift; path = ValidateManager.swift; sourceTree = "<group>"; };
		E14C3F6A23FDDC8400C43877 /* ValidateProtocol.swift */ = {isa = PBXFileReference; lastKnownFileType = sourcecode.swift; path = ValidateProtocol.swift; sourceTree = "<group>"; };
		E14C3F6B23FDDC8400C43877 /* LocationManager.swift */ = {isa = PBXFileReference; lastKnownFileType = sourcecode.swift; path = LocationManager.swift; sourceTree = "<group>"; };
		E14C3F6D23FDDC8400C43877 /* AppDelegate.swift */ = {isa = PBXFileReference; lastKnownFileType = sourcecode.swift; path = AppDelegate.swift; sourceTree = "<group>"; };
		E14C3F7023FDDC8400C43877 /* PresetAssembler.swift */ = {isa = PBXFileReference; lastKnownFileType = sourcecode.swift; path = PresetAssembler.swift; sourceTree = "<group>"; };
		E14C3F7123FDDC8400C43877 /* Preset.storyboard */ = {isa = PBXFileReference; lastKnownFileType = file.storyboard; path = Preset.storyboard; sourceTree = "<group>"; };
		E14C3F7223FDDC8400C43877 /* PresetPresenter.swift */ = {isa = PBXFileReference; lastKnownFileType = sourcecode.swift; path = PresetPresenter.swift; sourceTree = "<group>"; };
		E14C3F7323FDDC8400C43877 /* PresetRouter.swift */ = {isa = PBXFileReference; lastKnownFileType = sourcecode.swift; path = PresetRouter.swift; sourceTree = "<group>"; };
		E14C3F7423FDDC8400C43877 /* PresetView.swift */ = {isa = PBXFileReference; lastKnownFileType = sourcecode.swift; path = PresetView.swift; sourceTree = "<group>"; };
		E14C3F7523FDDC8400C43877 /* PresetEntity.swift */ = {isa = PBXFileReference; lastKnownFileType = sourcecode.swift; path = PresetEntity.swift; sourceTree = "<group>"; };
		E14C3F7623FDDC8400C43877 /* PresetInteractor.swift */ = {isa = PBXFileReference; lastKnownFileType = sourcecode.swift; path = PresetInteractor.swift; sourceTree = "<group>"; };
		E14C3F7823FDDC8400C43877 /* Auth.storyboard */ = {isa = PBXFileReference; lastKnownFileType = file.storyboard; path = Auth.storyboard; sourceTree = "<group>"; };
		E14C3F7923FDDC8400C43877 /* AuthPresenter.swift */ = {isa = PBXFileReference; lastKnownFileType = sourcecode.swift; path = AuthPresenter.swift; sourceTree = "<group>"; };
		E14C3F7A23FDDC8400C43877 /* AuthView.swift */ = {isa = PBXFileReference; lastKnownFileType = sourcecode.swift; path = AuthView.swift; sourceTree = "<group>"; };
		E14C3F7B23FDDC8400C43877 /* AuthRouter.swift */ = {isa = PBXFileReference; lastKnownFileType = sourcecode.swift; path = AuthRouter.swift; sourceTree = "<group>"; };
		E14C3F7C23FDDC8400C43877 /* AuthAssemler.swift */ = {isa = PBXFileReference; lastKnownFileType = sourcecode.swift; path = AuthAssemler.swift; sourceTree = "<group>"; };
		E14C3F7D23FDDC8400C43877 /* AuthInteractor.swift */ = {isa = PBXFileReference; lastKnownFileType = sourcecode.swift; path = AuthInteractor.swift; sourceTree = "<group>"; };
		E14C3F7F23FDDC8400C43877 /* Feedback.storyboard */ = {isa = PBXFileReference; lastKnownFileType = file.storyboard; path = Feedback.storyboard; sourceTree = "<group>"; };
		E14C3F8023FDDC8400C43877 /* FeedbackAssembler.swift */ = {isa = PBXFileReference; lastKnownFileType = sourcecode.swift; path = FeedbackAssembler.swift; sourceTree = "<group>"; };
		E14C3F8123FDDC8400C43877 /* FeedbackRouter.swift */ = {isa = PBXFileReference; lastKnownFileType = sourcecode.swift; path = FeedbackRouter.swift; sourceTree = "<group>"; };
		E14C3F8223FDDC8400C43877 /* FeedbackView.swift */ = {isa = PBXFileReference; lastKnownFileType = sourcecode.swift; path = FeedbackView.swift; sourceTree = "<group>"; };
		E14C3F8323FDDC8400C43877 /* FeedbackInteractor.swift */ = {isa = PBXFileReference; lastKnownFileType = sourcecode.swift; path = FeedbackInteractor.swift; sourceTree = "<group>"; };
		E14C3F8423FDDC8400C43877 /* FeedbackPresenter.swift */ = {isa = PBXFileReference; lastKnownFileType = sourcecode.swift; path = FeedbackPresenter.swift; sourceTree = "<group>"; };
		E14C3F8623FDDC8400C43877 /* RegisterPresenter.swift */ = {isa = PBXFileReference; lastKnownFileType = sourcecode.swift; path = RegisterPresenter.swift; sourceTree = "<group>"; };
		E14C3F8723FDDC8400C43877 /* RegisterRouter.swift */ = {isa = PBXFileReference; lastKnownFileType = sourcecode.swift; path = RegisterRouter.swift; sourceTree = "<group>"; };
		E14C3F8823FDDC8400C43877 /* RegisterAssembler.swift */ = {isa = PBXFileReference; lastKnownFileType = sourcecode.swift; path = RegisterAssembler.swift; sourceTree = "<group>"; };
		E14C3F8923FDDC8400C43877 /* RegisterInteractor.swift */ = {isa = PBXFileReference; lastKnownFileType = sourcecode.swift; path = RegisterInteractor.swift; sourceTree = "<group>"; };
		E14C3F8A23FDDC8400C43877 /* Register.storyboard */ = {isa = PBXFileReference; lastKnownFileType = file.storyboard; path = Register.storyboard; sourceTree = "<group>"; };
		E14C3F8B23FDDC8400C43877 /* RegisterView.swift */ = {isa = PBXFileReference; lastKnownFileType = sourcecode.swift; path = RegisterView.swift; sourceTree = "<group>"; };
		E14C3F8D23FDDC8400C43877 /* ProfilePresenter.swift */ = {isa = PBXFileReference; lastKnownFileType = sourcecode.swift; path = ProfilePresenter.swift; sourceTree = "<group>"; };
		E14C3F8E23FDDC8400C43877 /* ProfileRouter.swift */ = {isa = PBXFileReference; lastKnownFileType = sourcecode.swift; path = ProfileRouter.swift; sourceTree = "<group>"; };
		E14C3F8F23FDDC8400C43877 /* ProfileView.swift */ = {isa = PBXFileReference; lastKnownFileType = sourcecode.swift; path = ProfileView.swift; sourceTree = "<group>"; };
		E14C3F9023FDDC8400C43877 /* ProfileView.storyboard */ = {isa = PBXFileReference; lastKnownFileType = file.storyboard; path = ProfileView.storyboard; sourceTree = "<group>"; };
		E14C3F9123FDDC8400C43877 /* ProfileAssembler.swift */ = {isa = PBXFileReference; lastKnownFileType = sourcecode.swift; path = ProfileAssembler.swift; sourceTree = "<group>"; };
		E14C3F9223FDDC8400C43877 /* ProfileInteractor.swift */ = {isa = PBXFileReference; lastKnownFileType = sourcecode.swift; path = ProfileInteractor.swift; sourceTree = "<group>"; };
		E14C3F9423FDDC8400C43877 /* LoginMain.storyboard */ = {isa = PBXFileReference; lastKnownFileType = file.storyboard; path = LoginMain.storyboard; sourceTree = "<group>"; };
		E14C3F9523FDDC8400C43877 /* LoginMainInteractor.swift */ = {isa = PBXFileReference; lastKnownFileType = sourcecode.swift; path = LoginMainInteractor.swift; sourceTree = "<group>"; };
		E14C3F9623FDDC8400C43877 /* LoginMainRouter.swift */ = {isa = PBXFileReference; lastKnownFileType = sourcecode.swift; path = LoginMainRouter.swift; sourceTree = "<group>"; };
		E14C3F9723FDDC8400C43877 /* LoginMainAssembler.swift */ = {isa = PBXFileReference; lastKnownFileType = sourcecode.swift; path = LoginMainAssembler.swift; sourceTree = "<group>"; };
		E14C3F9823FDDC8400C43877 /* LoginMainPresenter.swift */ = {isa = PBXFileReference; lastKnownFileType = sourcecode.swift; path = LoginMainPresenter.swift; sourceTree = "<group>"; };
		E14C3F9923FDDC8400C43877 /* LoginMainView.swift */ = {isa = PBXFileReference; lastKnownFileType = sourcecode.swift; path = LoginMainView.swift; sourceTree = "<group>"; };
		E14C3F9B23FDDC8400C43877 /* EventTypesPresenter.swift */ = {isa = PBXFileReference; lastKnownFileType = sourcecode.swift; path = EventTypesPresenter.swift; sourceTree = "<group>"; };
		E14C3F9C23FDDC8400C43877 /* EventTypesRouter.swift */ = {isa = PBXFileReference; lastKnownFileType = sourcecode.swift; path = EventTypesRouter.swift; sourceTree = "<group>"; };
		E14C3F9D23FDDC8400C43877 /* EventTypesAssembler.swift */ = {isa = PBXFileReference; lastKnownFileType = sourcecode.swift; path = EventTypesAssembler.swift; sourceTree = "<group>"; };
		E14C3F9E23FDDC8400C43877 /* EventTypesInteractor.swift */ = {isa = PBXFileReference; lastKnownFileType = sourcecode.swift; path = EventTypesInteractor.swift; sourceTree = "<group>"; };
		E14C3F9F23FDDC8400C43877 /* EventTypesEntity.swift */ = {isa = PBXFileReference; lastKnownFileType = sourcecode.swift; path = EventTypesEntity.swift; sourceTree = "<group>"; };
		E14C3FA623FDDC8400C43877 /* InterestCellViewModel.swift */ = {isa = PBXFileReference; lastKnownFileType = sourcecode.swift; path = InterestCellViewModel.swift; sourceTree = "<group>"; };
		E14C3FA723FDDC8400C43877 /* InterestCell.swift */ = {isa = PBXFileReference; lastKnownFileType = sourcecode.swift; path = InterestCell.swift; sourceTree = "<group>"; };
		E14C3FA823FDDC8400C43877 /* InterestPrototypeCell.swift */ = {isa = PBXFileReference; lastKnownFileType = sourcecode.swift; path = InterestPrototypeCell.swift; sourceTree = "<group>"; };
		E14C3FA923FDDC8400C43877 /* EventTypesCell.swift */ = {isa = PBXFileReference; lastKnownFileType = sourcecode.swift; path = EventTypesCell.swift; sourceTree = "<group>"; };
		E14C3FAA23FDDC8400C43877 /* EventTypesView.swift */ = {isa = PBXFileReference; lastKnownFileType = sourcecode.swift; path = EventTypesView.swift; sourceTree = "<group>"; };
		E14C3FAB23FDDC8400C43877 /* EventTypes.storyboard */ = {isa = PBXFileReference; lastKnownFileType = file.storyboard; path = EventTypes.storyboard; sourceTree = "<group>"; };
		E14C3FAD23FDDC8400C43877 /* RootInteractor.swift */ = {isa = PBXFileReference; lastKnownFileType = sourcecode.swift; path = RootInteractor.swift; sourceTree = "<group>"; };
		E14C3FAE23FDDC8400C43877 /* RootRouter.swift */ = {isa = PBXFileReference; lastKnownFileType = sourcecode.swift; path = RootRouter.swift; sourceTree = "<group>"; };
		E14C3FAF23FDDC8400C43877 /* RootView.swift */ = {isa = PBXFileReference; lastKnownFileType = sourcecode.swift; path = RootView.swift; sourceTree = "<group>"; };
		E14C3FB023FDDC8400C43877 /* Root.storyboard */ = {isa = PBXFileReference; lastKnownFileType = file.storyboard; path = Root.storyboard; sourceTree = "<group>"; };
		E14C3FB123FDDC8400C43877 /* RootPresenter.swift */ = {isa = PBXFileReference; lastKnownFileType = sourcecode.swift; path = RootPresenter.swift; sourceTree = "<group>"; };
		E14C3FB223FDDC8400C43877 /* RootAssembler.swift */ = {isa = PBXFileReference; lastKnownFileType = sourcecode.swift; path = RootAssembler.swift; sourceTree = "<group>"; };
		E14C3FB423FDDC8400C43877 /* Forgot.storyboard */ = {isa = PBXFileReference; lastKnownFileType = file.storyboard; path = Forgot.storyboard; sourceTree = "<group>"; };
		E14C3FB523FDDC8400C43877 /* ForgotView.swift */ = {isa = PBXFileReference; lastKnownFileType = sourcecode.swift; path = ForgotView.swift; sourceTree = "<group>"; };
		E14C3FB623FDDC8400C43877 /* ForgotRouter.swift */ = {isa = PBXFileReference; lastKnownFileType = sourcecode.swift; path = ForgotRouter.swift; sourceTree = "<group>"; };
		E14C3FB823FDDC8400C43877 /* Main.storyboard */ = {isa = PBXFileReference; lastKnownFileType = file.storyboard; path = Main.storyboard; sourceTree = "<group>"; };
		E14C3FB923FDDC8400C43877 /* MainRouter.swift */ = {isa = PBXFileReference; lastKnownFileType = sourcecode.swift; path = MainRouter.swift; sourceTree = "<group>"; };
		E14C3FBA23FDDC8400C43877 /* MainView.swift */ = {isa = PBXFileReference; lastKnownFileType = sourcecode.swift; path = MainView.swift; sourceTree = "<group>"; };
		E14C3FBC23FDDC8400C43877 /* EventView.swift */ = {isa = PBXFileReference; lastKnownFileType = sourcecode.swift; path = EventView.swift; sourceTree = "<group>"; };
		E14C3FBD23FDDC8400C43877 /* EventAssembler.swift */ = {isa = PBXFileReference; lastKnownFileType = sourcecode.swift; path = EventAssembler.swift; sourceTree = "<group>"; };
		E14C3FBF23FDDC8400C43877 /* EventPresenter.swift */ = {isa = PBXFileReference; lastKnownFileType = sourcecode.swift; path = EventPresenter.swift; sourceTree = "<group>"; };
		E14C3FC023FDDC8400C43877 /* Event.storyboard */ = {isa = PBXFileReference; lastKnownFileType = file.storyboard; path = Event.storyboard; sourceTree = "<group>"; };
		E14C3FC123FDDC8400C43877 /* EventWebView.swift */ = {isa = PBXFileReference; lastKnownFileType = sourcecode.swift; path = EventWebView.swift; sourceTree = "<group>"; };
		E14C3FC223FDDC8400C43877 /* EventInteractor.swift */ = {isa = PBXFileReference; lastKnownFileType = sourcecode.swift; path = EventInteractor.swift; sourceTree = "<group>"; };
		E14C3FC323FDDC8400C43877 /* EventRouter.swift */ = {isa = PBXFileReference; lastKnownFileType = sourcecode.swift; path = EventRouter.swift; sourceTree = "<group>"; };
		FDE3A1D082D90CB0A13800D7 /* Pods_Legio.framework */ = {isa = PBXFileReference; explicitFileType = wrapper.framework; includeInIndex = 0; path = Pods_Legio.framework; sourceTree = BUILT_PRODUCTS_DIR; };
/* End PBXFileReference section */

/* Begin PBXFrameworksBuildPhase section */
		AA26549B234F54D60013B777 /* Frameworks */ = {
			isa = PBXFrameworksBuildPhase;
			buildActionMask = 2147483647;
			files = (
				F9C518B94673FEF3995583BE /* Pods_Legio.framework in Frameworks */,
			);
			runOnlyForDeploymentPostprocessing = 0;
		};
/* End PBXFrameworksBuildPhase section */

/* Begin PBXGroup section */
		04208E5C240AD6E100FC5F36 /* Auth */ = {
			isa = PBXGroup;
			children = (
				04208E5D240AD6F700FC5F36 /* AuthService.swift */,
				04208E5F240AD70500FC5F36 /* AuthServiceImplementation.swift */,
				04208E61240AD71100FC5F36 /* AuthTarget.swift */,
			);
			path = Auth;
			sourceTree = "<group>";
		};
		04C66A1D24215A0200584A55 /* Interests */ = {
			isa = PBXGroup;
			children = (
				04C66A1E24215A2000584A55 /* InterestsService.swift */,
				04C66A2024215A3900584A55 /* InterestsServiceImplementation.swift */,
				04C66A2224215A4C00584A55 /* InterestsTarget.swift */,
			);
			path = Interests;
			sourceTree = "<group>";
		};
		04CFB7E1241407A30092D433 /* New Group */ = {
			isa = PBXGroup;
			children = (
			);
			path = "New Group";
			sourceTree = "<group>";
		};
		04CFB7E22414092B0092D433 /* Models */ = {
			isa = PBXGroup;
			children = (
				04CFB7EA241580850092D433 /* Profile.swift */,
				04208E65240C381B00FC5F36 /* UserProfile.swift */,
				04CFB7F32415868E0092D433 /* Event.swift */,
				04CFB7F5241586F60092D433 /* PosterImage.swift */,
				04CFB7F72415874A0092D433 /* Location.swift */,
				04CFB7F9241587900092D433 /* Category.swift */,
			);
			path = Models;
			sourceTree = "<group>";
		};
		04CFB7E3241409DB0092D433 /* Profille */ = {
			isa = PBXGroup;
			children = (
				04CFB7E424140A030092D433 /* ProfileService.swift */,
				04CFB7E624140AAF0092D433 /* ProfileServiceImplementation.swift */,
				04CFB7E824140B880092D433 /* ProfileTarget.swift */,
			);
			path = Profille;
			sourceTree = "<group>";
		};
		04CFB7EC241582F20092D433 /* Events */ = {
			isa = PBXGroup;
			children = (
				04CFB7ED241583030092D433 /* EventsService.swift */,
				04CFB7EF241583190092D433 /* EventsServiceImplementation.swift */,
				04CFB7F1241583230092D433 /* EventsTarget.swift */,
			);
			path = Events;
			sourceTree = "<group>";
		};
		AA265495234F54D60013B777 = {
			isa = PBXGroup;
			children = (
				04CFB7E1241407A30092D433 /* New Group */,
				AA2654A0234F54D60013B777 /* Legio */,
				AA26549F234F54D60013B777 /* Products */,
				F986928801C64F6F9CFE3DA0 /* Pods */,
				EAFE9539452F6889960E0065 /* Frameworks */,
			);
			sourceTree = "<group>";
		};
		AA26549F234F54D60013B777 /* Products */ = {
			isa = PBXGroup;
			children = (
				AA26549E234F54D60013B777 /* Legio.app */,
			);
			name = Products;
			sourceTree = "<group>";
		};
		AA2654A0234F54D60013B777 /* Legio */ = {
			isa = PBXGroup;
			children = (
				E14C3F6C23FDDC8400C43877 /* Application */,
				E14C3F4E23FDDC8400C43877 /* Common */,
				E14C3F6E23FDDC8400C43877 /* Modules */,
				E14C3F3B23FDDC8400C43877 /* Resources */,
			);
			path = Legio;
			sourceTree = "<group>";
		};
		E14C3F3B23FDDC8400C43877 /* Resources */ = {
			isa = PBXGroup;
			children = (
				E14C3F3C23FDDC8400C43877 /* Assets.xcassets */,
				E14C3F3D23FDDC8400C43877 /* LaunchScreen.storyboard */,
				E14C3F3F23FDDC8400C43877 /* fonts */,
				E14C3F4D23FDDC8400C43877 /* Info.plist */,
			);
			path = Resources;
			sourceTree = "<group>";
		};
		E14C3F3F23FDDC8400C43877 /* fonts */ = {
			isa = PBXGroup;
			children = (
				E14C3F4023FDDC8400C43877 /* SFUIText */,
			);
			path = fonts;
			sourceTree = "<group>";
		};
		E14C3F4023FDDC8400C43877 /* SFUIText */ = {
			isa = PBXGroup;
			children = (
				E14C3F4123FDDC8400C43877 /* SFUIText-Medium.ttf */,
				E14C3F4223FDDC8400C43877 /* SFUIText-Regular.ttf */,
				E14C3F4323FDDC8400C43877 /* SFUIText-Heavy.ttf */,
				E14C3F4423FDDC8400C43877 /* SFUIText-Bold.ttf */,
				E14C3F4523FDDC8400C43877 /* SFUIText-Light.ttf */,
				E14C3F4623FDDC8400C43877 /* SFUIText-Semibold.ttf */,
				E14C3F4723FDDC8400C43877 /* SFUIText-LightItalic.ttf */,
				E14C3F4823FDDC8400C43877 /* SFUIText-BoldItalic.ttf */,
				E14C3F4923FDDC8400C43877 /* SFUIText-MediumItalic.ttf */,
				E14C3F4A23FDDC8400C43877 /* SFUIText-SemiboldItalic.ttf */,
				E14C3F4B23FDDC8400C43877 /* SFUIText-HeavyItalic.ttf */,
				E14C3F4C23FDDC8400C43877 /* SFUIText-RegularItalic.ttf */,
			);
			path = SFUIText;
			sourceTree = "<group>";
		};
		E14C3F4E23FDDC8400C43877 /* Common */ = {
			isa = PBXGroup;
			children = (
				E14C3F4F23FDDC8400C43877 /* UI */,
				E14C3F5223FDDC8400C43877 /* Extension */,
				E14C3F5B23FDDC8400C43877 /* Models */,
				E14C3F5E23FDDC8400C43877 /* Prototypes */,
				E14C3F6023FDDC8400C43877 /* Services */,
			);
			path = Common;
			sourceTree = "<group>";
		};
		E14C3F4F23FDDC8400C43877 /* UI */ = {
			isa = PBXGroup;
			children = (
				E14C3F5023FDDC8400C43877 /* CustomButton.swift */,
				E14C3F5123FDDC8400C43877 /* PresetSlider.swift */,
			);
			path = UI;
			sourceTree = "<group>";
		};
		E14C3F5223FDDC8400C43877 /* Extension */ = {
			isa = PBXGroup;
			children = (
				E14C3F5323FDDC8400C43877 /* UIImageView+Extension.swift */,
				E14C3F5423FDDC8400C43877 /* UIColor+Extension.swift */,
				E14C3F5523FDDC8400C43877 /* UILabel+Extension.swift */,
				E14C3F5623FDDC8400C43877 /* UIView+Extension.swift */,
				E14C3F5723FDDC8400C43877 /* Double+Extension.swift */,
				E14C3F5823FDDC8400C43877 /* plugs.swift */,
				E14C3F5923FDDC8400C43877 /* Float+Extention.swift */,
				E14C3F5A23FDDC8400C43877 /* ViewControllerNavigation+Ex.swift */,
			);
			path = Extension;
			sourceTree = "<group>";
		};
		E14C3F5B23FDDC8400C43877 /* Models */ = {
			isa = PBXGroup;
			children = (
				E14C3F5C23FDDC8400C43877 /* ResponseSetTimeInvest.swift */,
				E14C3F5D23FDDC8400C43877 /* Interest.swift */,
				04C66A24242161F600584A55 /* InterestsResponse.swift */,
			);
			path = Models;
			sourceTree = "<group>";
		};
		E14C3F5E23FDDC8400C43877 /* Prototypes */ = {
			isa = PBXGroup;
			children = (
				E14C3F5F23FDDC8400C43877 /* BaseRouter.swift */,
			);
			path = Prototypes;
			sourceTree = "<group>";
		};
		E14C3F6023FDDC8400C43877 /* Services */ = {
			isa = PBXGroup;
			children = (
				E14C3F6123FDDC8400C43877 /* Database */,
				E14C3F6423FDDC8400C43877 /* NotificationDelegate.swift */,
				E14C3F6523FDDC8400C43877 /* Network */,
				E14C3F6823FDDC8400C43877 /* AuthValidate */,
				E14C3F6B23FDDC8400C43877 /* LocationManager.swift */,
			);
			path = Services;
			sourceTree = "<group>";
		};
		E14C3F6123FDDC8400C43877 /* Database */ = {
			isa = PBXGroup;
			children = (
				E14C3F6223FDDC8400C43877 /* Legio.xcdatamodeld */,
			);
			path = Database;
			sourceTree = "<group>";
		};
		E14C3F6523FDDC8400C43877 /* Network */ = {
			isa = PBXGroup;
			children = (
				04208E63240BA38700FC5F36 /* NetworkSettings.swift */,
				04208E67240C3A8100FC5F36 /* NetworkError.swift */,
				04CFB7E22414092B0092D433 /* Models */,
				04208E5C240AD6E100FC5F36 /* Auth */,
				04CFB7E3241409DB0092D433 /* Profille */,
				04C66A1D24215A0200584A55 /* Interests */,
				04CFB7EC241582F20092D433 /* Events */,
			);
			path = Network;
			sourceTree = "<group>";
		};
		E14C3F6823FDDC8400C43877 /* AuthValidate */ = {
			isa = PBXGroup;
			children = (
				E14C3F6923FDDC8400C43877 /* ValidateManager.swift */,
				E14C3F6A23FDDC8400C43877 /* ValidateProtocol.swift */,
			);
			path = AuthValidate;
			sourceTree = "<group>";
		};
		E14C3F6C23FDDC8400C43877 /* Application */ = {
			isa = PBXGroup;
			children = (
				E14C3F6D23FDDC8400C43877 /* AppDelegate.swift */,
			);
			path = Application;
			sourceTree = "<group>";
		};
		E14C3F6E23FDDC8400C43877 /* Modules */ = {
			isa = PBXGroup;
			children = (
				E14C3FAC23FDDC8400C43877 /* Root */,
				E14C3F9323FDDC8400C43877 /* LoginMain */,
				E14C3F8523FDDC8400C43877 /* Register */,
				E14C3F7723FDDC8400C43877 /* Auth */,
				E14C3FB323FDDC8400C43877 /* Forgot */,
				E14C3F6F23FDDC8400C43877 /* Preset */,
				E14C3F9A23FDDC8400C43877 /* EventTypes */,
				E14C3F7E23FDDC8400C43877 /* Feedback */,
				E14C3F8C23FDDC8400C43877 /* Profile */,
				E14C3FB723FDDC8400C43877 /* Main */,
				E14C3FBB23FDDC8400C43877 /* Event */,
			);
			path = Modules;
			sourceTree = "<group>";
		};
		E14C3F6F23FDDC8400C43877 /* Preset */ = {
			isa = PBXGroup;
			children = (
				E14C3F7023FDDC8400C43877 /* PresetAssembler.swift */,
				E14C3F7123FDDC8400C43877 /* Preset.storyboard */,
				E14C3F7223FDDC8400C43877 /* PresetPresenter.swift */,
				E14C3F7323FDDC8400C43877 /* PresetRouter.swift */,
				E14C3F7423FDDC8400C43877 /* PresetView.swift */,
				E14C3F7523FDDC8400C43877 /* PresetEntity.swift */,
				E14C3F7623FDDC8400C43877 /* PresetInteractor.swift */,
			);
			path = Preset;
			sourceTree = "<group>";
		};
		E14C3F7723FDDC8400C43877 /* Auth */ = {
			isa = PBXGroup;
			children = (
				E14C3F7823FDDC8400C43877 /* Auth.storyboard */,
				E14C3F7923FDDC8400C43877 /* AuthPresenter.swift */,
				E14C3F7A23FDDC8400C43877 /* AuthView.swift */,
				E14C3F7B23FDDC8400C43877 /* AuthRouter.swift */,
				E14C3F7C23FDDC8400C43877 /* AuthAssemler.swift */,
				E14C3F7D23FDDC8400C43877 /* AuthInteractor.swift */,
			);
			path = Auth;
			sourceTree = "<group>";
		};
		E14C3F7E23FDDC8400C43877 /* Feedback */ = {
			isa = PBXGroup;
			children = (
				E14C3F7F23FDDC8400C43877 /* Feedback.storyboard */,
				E14C3F8023FDDC8400C43877 /* FeedbackAssembler.swift */,
				E14C3F8123FDDC8400C43877 /* FeedbackRouter.swift */,
				E14C3F8223FDDC8400C43877 /* FeedbackView.swift */,
				E14C3F8323FDDC8400C43877 /* FeedbackInteractor.swift */,
				E14C3F8423FDDC8400C43877 /* FeedbackPresenter.swift */,
			);
			path = Feedback;
			sourceTree = "<group>";
		};
		E14C3F8523FDDC8400C43877 /* Register */ = {
			isa = PBXGroup;
			children = (
				E14C3F8623FDDC8400C43877 /* RegisterPresenter.swift */,
				E14C3F8723FDDC8400C43877 /* RegisterRouter.swift */,
				E14C3F8823FDDC8400C43877 /* RegisterAssembler.swift */,
				E14C3F8923FDDC8400C43877 /* RegisterInteractor.swift */,
				E14C3F8A23FDDC8400C43877 /* Register.storyboard */,
				E14C3F8B23FDDC8400C43877 /* RegisterView.swift */,
			);
			path = Register;
			sourceTree = "<group>";
		};
		E14C3F8C23FDDC8400C43877 /* Profile */ = {
			isa = PBXGroup;
			children = (
				E14C3F8D23FDDC8400C43877 /* ProfilePresenter.swift */,
				E14C3F8E23FDDC8400C43877 /* ProfileRouter.swift */,
				E14C3F8F23FDDC8400C43877 /* ProfileView.swift */,
				E14C3F9023FDDC8400C43877 /* ProfileView.storyboard */,
				E14C3F9123FDDC8400C43877 /* ProfileAssembler.swift */,
				E14C3F9223FDDC8400C43877 /* ProfileInteractor.swift */,
			);
			path = Profile;
			sourceTree = "<group>";
		};
		E14C3F9323FDDC8400C43877 /* LoginMain */ = {
			isa = PBXGroup;
			children = (
				E14C3F9423FDDC8400C43877 /* LoginMain.storyboard */,
				E14C3F9523FDDC8400C43877 /* LoginMainInteractor.swift */,
				E14C3F9623FDDC8400C43877 /* LoginMainRouter.swift */,
				E14C3F9723FDDC8400C43877 /* LoginMainAssembler.swift */,
				E14C3F9823FDDC8400C43877 /* LoginMainPresenter.swift */,
				E14C3F9923FDDC8400C43877 /* LoginMainView.swift */,
			);
			path = LoginMain;
			sourceTree = "<group>";
		};
		E14C3F9A23FDDC8400C43877 /* EventTypes */ = {
			isa = PBXGroup;
			children = (
				E14C3F9D23FDDC8400C43877 /* EventTypesAssembler.swift */,
				E14C3FAA23FDDC8400C43877 /* EventTypesView.swift */,
				E14C3F9B23FDDC8400C43877 /* EventTypesPresenter.swift */,
				E14C3F9E23FDDC8400C43877 /* EventTypesInteractor.swift */,
				E14C3F9C23FDDC8400C43877 /* EventTypesRouter.swift */,
				E14C3F9F23FDDC8400C43877 /* EventTypesEntity.swift */,
				E14C3FA023FDDC8400C43877 /* Cell */,
				E14C3FA923FDDC8400C43877 /* EventTypesCell.swift */,
				E14C3FAB23FDDC8400C43877 /* EventTypes.storyboard */,
			);
			path = EventTypes;
			sourceTree = "<group>";
		};
		E14C3FA023FDDC8400C43877 /* Cell */ = {
			isa = PBXGroup;
			children = (
				E14C3FA723FDDC8400C43877 /* InterestCell.swift */,
				E14C3FA823FDDC8400C43877 /* InterestPrototypeCell.swift */,
				E14C3FA623FDDC8400C43877 /* InterestCellViewModel.swift */,
			);
			path = Cell;
			sourceTree = "<group>";
		};
		E14C3FAC23FDDC8400C43877 /* Root */ = {
			isa = PBXGroup;
			children = (
				E14C3FAD23FDDC8400C43877 /* RootInteractor.swift */,
				E14C3FAE23FDDC8400C43877 /* RootRouter.swift */,
				E14C3FAF23FDDC8400C43877 /* RootView.swift */,
				E14C3FB023FDDC8400C43877 /* Root.storyboard */,
				E14C3FB123FDDC8400C43877 /* RootPresenter.swift */,
				E14C3FB223FDDC8400C43877 /* RootAssembler.swift */,
			);
			path = Root;
			sourceTree = "<group>";
		};
		E14C3FB323FDDC8400C43877 /* Forgot */ = {
			isa = PBXGroup;
			children = (
				E14C3FB423FDDC8400C43877 /* Forgot.storyboard */,
				E14C3FB523FDDC8400C43877 /* ForgotView.swift */,
				E14C3FB623FDDC8400C43877 /* ForgotRouter.swift */,
			);
			path = Forgot;
			sourceTree = "<group>";
		};
		E14C3FB723FDDC8400C43877 /* Main */ = {
			isa = PBXGroup;
			children = (
				E14C3FB823FDDC8400C43877 /* Main.storyboard */,
				E14C3FB923FDDC8400C43877 /* MainRouter.swift */,
				E14C3FBA23FDDC8400C43877 /* MainView.swift */,
			);
			path = Main;
			sourceTree = "<group>";
		};
		E14C3FBB23FDDC8400C43877 /* Event */ = {
			isa = PBXGroup;
			children = (
				E14C3FBC23FDDC8400C43877 /* EventView.swift */,
				E14C3FBD23FDDC8400C43877 /* EventAssembler.swift */,
				E14C3FBF23FDDC8400C43877 /* EventPresenter.swift */,
				E14C3FC023FDDC8400C43877 /* Event.storyboard */,
				E14C3FC123FDDC8400C43877 /* EventWebView.swift */,
				E14C3FC223FDDC8400C43877 /* EventInteractor.swift */,
				E14C3FC323FDDC8400C43877 /* EventRouter.swift */,
			);
			path = Event;
			sourceTree = "<group>";
		};
		EAFE9539452F6889960E0065 /* Frameworks */ = {
			isa = PBXGroup;
			children = (
				FDE3A1D082D90CB0A13800D7 /* Pods_Legio.framework */,
			);
			name = Frameworks;
			sourceTree = "<group>";
		};
		F986928801C64F6F9CFE3DA0 /* Pods */ = {
			isa = PBXGroup;
			children = (
				4017DB3B16079A081922E3B4 /* Pods-Legio.debug.xcconfig */,
				B60D37E4C4512EF3B7DF59E8 /* Pods-Legio.release.xcconfig */,
			);
			path = Pods;
			sourceTree = "<group>";
		};
/* End PBXGroup section */

/* Begin PBXNativeTarget section */
		AA26549D234F54D60013B777 /* Legio */ = {
			isa = PBXNativeTarget;
			buildConfigurationList = AA2654B3234F54DA0013B777 /* Build configuration list for PBXNativeTarget "Legio" */;
			buildPhases = (
				18B054DC7483A5B4ADE908C8 /* [CP] Check Pods Manifest.lock */,
				AA26549A234F54D60013B777 /* Sources */,
				AA26549B234F54D60013B777 /* Frameworks */,
				AA26549C234F54D60013B777 /* Resources */,
				C43473929893DD154AC26B74 /* [CP] Embed Pods Frameworks */,
			);
			buildRules = (
			);
			dependencies = (
			);
			name = Legio;
			productName = Legio;
			productReference = AA26549E234F54D60013B777 /* Legio.app */;
			productType = "com.apple.product-type.application";
		};
/* End PBXNativeTarget section */

/* Begin PBXProject section */
		AA265496234F54D60013B777 /* Project object */ = {
			isa = PBXProject;
			attributes = {
				LastSwiftUpdateCheck = 1020;
				LastUpgradeCheck = 1020;
				ORGANIZATIONNAME = "Марат Нургалиев";
				TargetAttributes = {
					AA26549D234F54D60013B777 = {
						CreatedOnToolsVersion = 10.2.1;
					};
				};
			};
			buildConfigurationList = AA265499234F54D60013B777 /* Build configuration list for PBXProject "Legio" */;
			compatibilityVersion = "Xcode 9.3";
			developmentRegion = en;
			hasScannedForEncodings = 0;
			knownRegions = (
				en,
				Base,
			);
			mainGroup = AA265495234F54D60013B777;
			productRefGroup = AA26549F234F54D60013B777 /* Products */;
			projectDirPath = "";
			projectRoot = "";
			targets = (
				AA26549D234F54D60013B777 /* Legio */,
			);
		};
/* End PBXProject section */

/* Begin PBXResourcesBuildPhase section */
		AA26549C234F54D60013B777 /* Resources */ = {
			isa = PBXResourcesBuildPhase;
			buildActionMask = 2147483647;
			files = (
				E14C3FE023FDDCFE00C43877 /* Auth.storyboard in Resources */,
				E14C400F23FDDD3A00C43877 /* Main.storyboard in Resources */,
				E14C402323FDDD5C00C43877 /* SFUIText-LightItalic.ttf in Resources */,
				E14C3FDA23FDDCF200C43877 /* Preset.storyboard in Resources */,
				E14C401623FDDD4000C43877 /* Event.storyboard in Resources */,
				E14C402823FDDD5C00C43877 /* SFUIText-RegularItalic.ttf in Resources */,
				E14C401D23FDDD5C00C43877 /* SFUIText-Medium.ttf in Resources */,
				E14C402523FDDD5C00C43877 /* SFUIText-MediumItalic.ttf in Resources */,
				E14C402223FDDD5C00C43877 /* SFUIText-Semibold.ttf in Resources */,
				E14C400923FDDD2E00C43877 /* Root.storyboard in Resources */,
				E14C3FE623FDDD0500C43877 /* Feedback.storyboard in Resources */,
				E14C400C23FDDD3300C43877 /* Forgot.storyboard in Resources */,
				E14C401B23FDDD4E00C43877 /* LaunchScreen.storyboard in Resources */,
				E14C401F23FDDD5C00C43877 /* SFUIText-Heavy.ttf in Resources */,
				E14C402123FDDD5C00C43877 /* SFUIText-Light.ttf in Resources */,
				E14C3FF023FDDD0C00C43877 /* Register.storyboard in Resources */,
				E14C402423FDDD5C00C43877 /* SFUIText-BoldItalic.ttf in Resources */,
				E14C402723FDDD5C00C43877 /* SFUIText-HeavyItalic.ttf in Resources */,
				E14C401E23FDDD5C00C43877 /* SFUIText-Regular.ttf in Resources */,
				E14C3FF523FDDD1200C43877 /* ProfileView.storyboard in Resources */,
				E14C3FF823FDDD1700C43877 /* LoginMain.storyboard in Resources */,
				E14C401A23FDDD4A00C43877 /* Assets.xcassets in Resources */,
				E14C402623FDDD5C00C43877 /* SFUIText-SemiboldItalic.ttf in Resources */,
				E14C400523FDDD2700C43877 /* EventTypes.storyboard in Resources */,
				E14C402023FDDD5C00C43877 /* SFUIText-Bold.ttf in Resources */,
			);
			runOnlyForDeploymentPostprocessing = 0;
		};
/* End PBXResourcesBuildPhase section */

/* Begin PBXShellScriptBuildPhase section */
		18B054DC7483A5B4ADE908C8 /* [CP] Check Pods Manifest.lock */ = {
			isa = PBXShellScriptBuildPhase;
			buildActionMask = 2147483647;
			files = (
			);
			inputFileListPaths = (
			);
			inputPaths = (
				"${PODS_PODFILE_DIR_PATH}/Podfile.lock",
				"${PODS_ROOT}/Manifest.lock",
			);
			name = "[CP] Check Pods Manifest.lock";
			outputFileListPaths = (
			);
			outputPaths = (
				"$(DERIVED_FILE_DIR)/Pods-Legio-checkManifestLockResult.txt",
			);
			runOnlyForDeploymentPostprocessing = 0;
			shellPath = /bin/sh;
			shellScript = "diff \"${PODS_PODFILE_DIR_PATH}/Podfile.lock\" \"${PODS_ROOT}/Manifest.lock\" > /dev/null\nif [ $? != 0 ] ; then\n    # print error to STDERR\n    echo \"error: The sandbox is not in sync with the Podfile.lock. Run 'pod install' or update your CocoaPods installation.\" >&2\n    exit 1\nfi\n# This output is used by Xcode 'outputs' to avoid re-running this script phase.\necho \"SUCCESS\" > \"${SCRIPT_OUTPUT_FILE_0}\"\n";
			showEnvVarsInLog = 0;
		};
		C43473929893DD154AC26B74 /* [CP] Embed Pods Frameworks */ = {
			isa = PBXShellScriptBuildPhase;
			buildActionMask = 2147483647;
			files = (
			);
			inputFileListPaths = (
				"${PODS_ROOT}/Target Support Files/Pods-Legio/Pods-Legio-frameworks-${CONFIGURATION}-input-files.xcfilelist",
			);
			name = "[CP] Embed Pods Frameworks";
			outputFileListPaths = (
				"${PODS_ROOT}/Target Support Files/Pods-Legio/Pods-Legio-frameworks-${CONFIGURATION}-output-files.xcfilelist",
			);
			runOnlyForDeploymentPostprocessing = 0;
			shellPath = /bin/sh;
			shellScript = "\"${PODS_ROOT}/Target Support Files/Pods-Legio/Pods-Legio-frameworks.sh\"\n";
			showEnvVarsInLog = 0;
		};
/* End PBXShellScriptBuildPhase section */

/* Begin PBXSourcesBuildPhase section */
		AA26549A234F54D60013B777 /* Sources */ = {
			isa = PBXSourcesBuildPhase;
			buildActionMask = 2147483647;
			files = (
				E14C3FFE23FDDD1F00C43877 /* EventTypesPresenter.swift in Sources */,
				E14C3FC523FDDCB000C43877 /* CustomButton.swift in Sources */,
				E14C3FE723FDDD0500C43877 /* FeedbackAssembler.swift in Sources */,
				E14C3FDC23FDDCF200C43877 /* PresetRouter.swift in Sources */,
				04CFB7EE241583030092D433 /* EventsService.swift in Sources */,
				E14C3FF123FDDD0C00C43877 /* RegisterView.swift in Sources */,
				E14C3FCA23FDDCBB00C43877 /* UIView+Extension.swift in Sources */,
				E14C3FD823FDDCE700C43877 /* ValidateProtocol.swift in Sources */,
				E14C3FD223FDDCCE00C43877 /* Legio.xcdatamodeld in Sources */,
				E14C3FC423FDDCAA00C43877 /* AppDelegate.swift in Sources */,
				E14C3FF223FDDD1200C43877 /* ProfilePresenter.swift in Sources */,
				E14C3FC923FDDCBB00C43877 /* UILabel+Extension.swift in Sources */,
				E14C3FDB23FDDCF200C43877 /* PresetPresenter.swift in Sources */,
				04CFB7F42415868E0092D433 /* Event.swift in Sources */,
				E14C3FE123FDDCFE00C43877 /* AuthPresenter.swift in Sources */,
				E14C3FE423FDDCFE00C43877 /* AuthAssemler.swift in Sources */,
				E14C3FED23FDDD0C00C43877 /* RegisterRouter.swift in Sources */,
				E14C3FEC23FDDD0C00C43877 /* RegisterPresenter.swift in Sources */,
				04C66A2324215A4C00584A55 /* InterestsTarget.swift in Sources */,
				E14C3FCB23FDDCBB00C43877 /* Double+Extension.swift in Sources */,
				E14C3FF723FDDD1200C43877 /* ProfileInteractor.swift in Sources */,
				E14C401923FDDD4000C43877 /* EventRouter.swift in Sources */,
				E14C400723FDDD2E00C43877 /* RootRouter.swift in Sources */,
				04208E5E240AD6F700FC5F36 /* AuthService.swift in Sources */,
				E14C3FEF23FDDD0C00C43877 /* RegisterInteractor.swift in Sources */,
				E14C400023FDDD1F00C43877 /* EventTypesAssembler.swift in Sources */,
				04CFB7F2241583230092D433 /* EventsTarget.swift in Sources */,
				04CFB7F0241583190092D433 /* EventsServiceImplementation.swift in Sources */,
				E14C3FFF23FDDD1F00C43877 /* EventTypesRouter.swift in Sources */,
				E14C3FCF23FDDCC000C43877 /* ResponseSetTimeInvest.swift in Sources */,
				E14C3FFD23FDDD1700C43877 /* LoginMainView.swift in Sources */,
				E14C400823FDDD2E00C43877 /* RootView.swift in Sources */,
				E14C401723FDDD4000C43877 /* EventWebView.swift in Sources */,
				E14C400423FDDD2700C43877 /* EventTypesView.swift in Sources */,
				E14C3FE823FDDD0500C43877 /* FeedbackRouter.swift in Sources */,
				E14C3FD323FDDCD100C43877 /* NotificationDelegate.swift in Sources */,
				E14C3FEA23FDDD0500C43877 /* FeedbackInteractor.swift in Sources */,
				E14C3FD023FDDCC000C43877 /* Interest.swift in Sources */,
				E14C3FCC23FDDCBB00C43877 /* plugs.swift in Sources */,
				04C66A2124215A3900584A55 /* InterestsServiceImplementation.swift in Sources */,
				E14C3FC723FDDCBB00C43877 /* UIImageView+Extension.swift in Sources */,
				E14C3FD923FDDCF200C43877 /* PresetAssembler.swift in Sources */,
				E14C3FD123FDDCC400C43877 /* BaseRouter.swift in Sources */,
				E14C3FE923FDDD0500C43877 /* FeedbackView.swift in Sources */,
				E14C3FF623FDDD1200C43877 /* ProfileAssembler.swift in Sources */,
				E14C3FDF23FDDCF200C43877 /* PresetInteractor.swift in Sources */,
				E14C400D23FDDD3300C43877 /* ForgotView.swift in Sources */,
				E14C3FFB23FDDD1700C43877 /* LoginMainAssembler.swift in Sources */,
				04C66A262422A8CC00584A55 /* InterestCellViewModel.swift in Sources */,
				E14C401523FDDD4000C43877 /* EventPresenter.swift in Sources */,
				E14C402B2401351400C43877 /* InterestCell.swift in Sources */,
				04CFB7F82415874A0092D433 /* Location.swift in Sources */,
				E14C3FE223FDDCFE00C43877 /* AuthView.swift in Sources */,
				04CFB7E724140AAF0092D433 /* ProfileServiceImplementation.swift in Sources */,
				04CFB7F6241586F60092D433 /* PosterImage.swift in Sources */,
				E14C3FDE23FDDCF200C43877 /* PresetEntity.swift in Sources */,
				E14C401223FDDD4000C43877 /* EventView.swift in Sources */,
				E14C3FD723FDDCE700C43877 /* ValidateManager.swift in Sources */,
				E14C3FF323FDDD1200C43877 /* ProfileRouter.swift in Sources */,
				E14C3FE323FDDCFE00C43877 /* AuthRouter.swift in Sources */,
				E14C401123FDDD3A00C43877 /* MainView.swift in Sources */,
				04C66A25242161F600584A55 /* InterestsResponse.swift in Sources */,
				E14C3FCD23FDDCBB00C43877 /* Float+Extention.swift in Sources */,
				E14C3FDD23FDDCF200C43877 /* PresetView.swift in Sources */,
				04C66A1F24215A2000584A55 /* InterestsService.swift in Sources */,
				E14C401323FDDD4000C43877 /* EventAssembler.swift in Sources */,
				04208E66240C381B00FC5F36 /* UserProfile.swift in Sources */,
				04CFB7EB241580850092D433 /* Profile.swift in Sources */,
				E14C400223FDDD1F00C43877 /* EventTypesEntity.swift in Sources */,
				E14C402D2401351900C43877 /* InterestPrototypeCell.swift in Sources */,
				E14C400B23FDDD2E00C43877 /* RootAssembler.swift in Sources */,
				E14C400A23FDDD2E00C43877 /* RootPresenter.swift in Sources */,
				04CFB7FA241587900092D433 /* Category.swift in Sources */,
				E14C3FFC23FDDD1700C43877 /* LoginMainPresenter.swift in Sources */,
				E14C3FF423FDDD1200C43877 /* ProfileView.swift in Sources */,
				E14C3FC623FDDCB400C43877 /* PresetSlider.swift in Sources */,
				E14C3FE523FDDCFE00C43877 /* AuthInteractor.swift in Sources */,
				04CFB7E924140B880092D433 /* ProfileTarget.swift in Sources */,
				E14C400E23FDDD3300C43877 /* ForgotRouter.swift in Sources */,
				E14C3FC823FDDCBB00C43877 /* UIColor+Extension.swift in Sources */,
				E14C401823FDDD4000C43877 /* EventInteractor.swift in Sources */,
				04208E62240AD71100FC5F36 /* AuthTarget.swift in Sources */,
				E14C3FFA23FDDD1700C43877 /* LoginMainRouter.swift in Sources */,
				04CFB7E524140A030092D433 /* ProfileService.swift in Sources */,
				E14C3FEB23FDDD0500C43877 /* FeedbackPresenter.swift in Sources */,
				04208E68240C3A8100FC5F36 /* NetworkError.swift in Sources */,
				E14C400323FDDD2700C43877 /* EventTypesCell.swift in Sources */,
				E14C400623FDDD2E00C43877 /* RootInteractor.swift in Sources */,
				E14C3FEE23FDDD0C00C43877 /* RegisterAssembler.swift in Sources */,
				E14C3FF923FDDD1700C43877 /* LoginMainInteractor.swift in Sources */,
				04208E60240AD70500FC5F36 /* AuthServiceImplementation.swift in Sources */,
				E14C3FD623FDDCE200C43877 /* LocationManager.swift in Sources */,
				E14C3FCE23FDDCBB00C43877 /* ViewControllerNavigation+Ex.swift in Sources */,
				E14C401023FDDD3A00C43877 /* MainRouter.swift in Sources */,
				E14C400123FDDD1F00C43877 /* EventTypesInteractor.swift in Sources */,
				04208E64240BA38700FC5F36 /* NetworkSettings.swift in Sources */,
			);
			runOnlyForDeploymentPostprocessing = 0;
		};
/* End PBXSourcesBuildPhase section */

/* Begin PBXVariantGroup section */
		E14C3F3D23FDDC8400C43877 /* LaunchScreen.storyboard */ = {
			isa = PBXVariantGroup;
			children = (
				E14C3F3E23FDDC8400C43877 /* Base */,
			);
			name = LaunchScreen.storyboard;
			sourceTree = "<group>";
		};
/* End PBXVariantGroup section */

/* Begin XCBuildConfiguration section */
		AA2654B1234F54DA0013B777 /* Debug */ = {
			isa = XCBuildConfiguration;
			buildSettings = {
				ALWAYS_SEARCH_USER_PATHS = NO;
				CLANG_ANALYZER_NONNULL = YES;
				CLANG_ANALYZER_NUMBER_OBJECT_CONVERSION = YES_AGGRESSIVE;
				CLANG_CXX_LANGUAGE_STANDARD = "gnu++14";
				CLANG_CXX_LIBRARY = "libc++";
				CLANG_ENABLE_MODULES = YES;
				CLANG_ENABLE_OBJC_ARC = YES;
				CLANG_ENABLE_OBJC_WEAK = YES;
				CLANG_WARN_BLOCK_CAPTURE_AUTORELEASING = YES;
				CLANG_WARN_BOOL_CONVERSION = YES;
				CLANG_WARN_COMMA = YES;
				CLANG_WARN_CONSTANT_CONVERSION = YES;
				CLANG_WARN_DEPRECATED_OBJC_IMPLEMENTATIONS = YES;
				CLANG_WARN_DIRECT_OBJC_ISA_USAGE = YES_ERROR;
				CLANG_WARN_DOCUMENTATION_COMMENTS = YES;
				CLANG_WARN_EMPTY_BODY = YES;
				CLANG_WARN_ENUM_CONVERSION = YES;
				CLANG_WARN_INFINITE_RECURSION = YES;
				CLANG_WARN_INT_CONVERSION = YES;
				CLANG_WARN_NON_LITERAL_NULL_CONVERSION = YES;
				CLANG_WARN_OBJC_IMPLICIT_RETAIN_SELF = YES;
				CLANG_WARN_OBJC_LITERAL_CONVERSION = YES;
				CLANG_WARN_OBJC_ROOT_CLASS = YES_ERROR;
				CLANG_WARN_RANGE_LOOP_ANALYSIS = YES;
				CLANG_WARN_STRICT_PROTOTYPES = YES;
				CLANG_WARN_SUSPICIOUS_MOVE = YES;
				CLANG_WARN_UNGUARDED_AVAILABILITY = YES_AGGRESSIVE;
				CLANG_WARN_UNREACHABLE_CODE = YES;
				CLANG_WARN__DUPLICATE_METHOD_MATCH = YES;
				CODE_SIGN_IDENTITY = "iPhone Developer";
				COPY_PHASE_STRIP = NO;
				DEBUG_INFORMATION_FORMAT = dwarf;
				ENABLE_STRICT_OBJC_MSGSEND = YES;
				ENABLE_TESTABILITY = YES;
				GCC_C_LANGUAGE_STANDARD = gnu11;
				GCC_DYNAMIC_NO_PIC = NO;
				GCC_NO_COMMON_BLOCKS = YES;
				GCC_OPTIMIZATION_LEVEL = 0;
				GCC_PREPROCESSOR_DEFINITIONS = (
					"DEBUG=1",
					"$(inherited)",
				);
				GCC_WARN_64_TO_32_BIT_CONVERSION = YES;
				GCC_WARN_ABOUT_RETURN_TYPE = YES_ERROR;
				GCC_WARN_UNDECLARED_SELECTOR = YES;
				GCC_WARN_UNINITIALIZED_AUTOS = YES_AGGRESSIVE;
				GCC_WARN_UNUSED_FUNCTION = YES;
				GCC_WARN_UNUSED_VARIABLE = YES;
				IPHONEOS_DEPLOYMENT_TARGET = 12.2;
				MTL_ENABLE_DEBUG_INFO = INCLUDE_SOURCE;
				MTL_FAST_MATH = YES;
				ONLY_ACTIVE_ARCH = YES;
				SDKROOT = iphoneos;
				SWIFT_ACTIVE_COMPILATION_CONDITIONS = DEBUG;
				SWIFT_OPTIMIZATION_LEVEL = "-Onone";
			};
			name = Debug;
		};
		AA2654B2234F54DA0013B777 /* Release */ = {
			isa = XCBuildConfiguration;
			buildSettings = {
				ALWAYS_SEARCH_USER_PATHS = NO;
				CLANG_ANALYZER_NONNULL = YES;
				CLANG_ANALYZER_NUMBER_OBJECT_CONVERSION = YES_AGGRESSIVE;
				CLANG_CXX_LANGUAGE_STANDARD = "gnu++14";
				CLANG_CXX_LIBRARY = "libc++";
				CLANG_ENABLE_MODULES = YES;
				CLANG_ENABLE_OBJC_ARC = YES;
				CLANG_ENABLE_OBJC_WEAK = YES;
				CLANG_WARN_BLOCK_CAPTURE_AUTORELEASING = YES;
				CLANG_WARN_BOOL_CONVERSION = YES;
				CLANG_WARN_COMMA = YES;
				CLANG_WARN_CONSTANT_CONVERSION = YES;
				CLANG_WARN_DEPRECATED_OBJC_IMPLEMENTATIONS = YES;
				CLANG_WARN_DIRECT_OBJC_ISA_USAGE = YES_ERROR;
				CLANG_WARN_DOCUMENTATION_COMMENTS = YES;
				CLANG_WARN_EMPTY_BODY = YES;
				CLANG_WARN_ENUM_CONVERSION = YES;
				CLANG_WARN_INFINITE_RECURSION = YES;
				CLANG_WARN_INT_CONVERSION = YES;
				CLANG_WARN_NON_LITERAL_NULL_CONVERSION = YES;
				CLANG_WARN_OBJC_IMPLICIT_RETAIN_SELF = YES;
				CLANG_WARN_OBJC_LITERAL_CONVERSION = YES;
				CLANG_WARN_OBJC_ROOT_CLASS = YES_ERROR;
				CLANG_WARN_RANGE_LOOP_ANALYSIS = YES;
				CLANG_WARN_STRICT_PROTOTYPES = YES;
				CLANG_WARN_SUSPICIOUS_MOVE = YES;
				CLANG_WARN_UNGUARDED_AVAILABILITY = YES_AGGRESSIVE;
				CLANG_WARN_UNREACHABLE_CODE = YES;
				CLANG_WARN__DUPLICATE_METHOD_MATCH = YES;
				CODE_SIGN_IDENTITY = "iPhone Developer";
				COPY_PHASE_STRIP = NO;
				DEBUG_INFORMATION_FORMAT = "dwarf-with-dsym";
				ENABLE_NS_ASSERTIONS = NO;
				ENABLE_STRICT_OBJC_MSGSEND = YES;
				GCC_C_LANGUAGE_STANDARD = gnu11;
				GCC_NO_COMMON_BLOCKS = YES;
				GCC_WARN_64_TO_32_BIT_CONVERSION = YES;
				GCC_WARN_ABOUT_RETURN_TYPE = YES_ERROR;
				GCC_WARN_UNDECLARED_SELECTOR = YES;
				GCC_WARN_UNINITIALIZED_AUTOS = YES_AGGRESSIVE;
				GCC_WARN_UNUSED_FUNCTION = YES;
				GCC_WARN_UNUSED_VARIABLE = YES;
				IPHONEOS_DEPLOYMENT_TARGET = 12.2;
				MTL_ENABLE_DEBUG_INFO = NO;
				MTL_FAST_MATH = YES;
				SDKROOT = iphoneos;
				SWIFT_COMPILATION_MODE = wholemodule;
				SWIFT_OPTIMIZATION_LEVEL = "-O";
				VALIDATE_PRODUCT = YES;
			};
			name = Release;
		};
		AA2654B4234F54DA0013B777 /* Debug */ = {
			isa = XCBuildConfiguration;
			baseConfigurationReference = 4017DB3B16079A081922E3B4 /* Pods-Legio.debug.xcconfig */;
			buildSettings = {
				ASSETCATALOG_COMPILER_APPICON_NAME = AppIcon;
				CODE_SIGN_STYLE = Automatic;
				CURRENT_PROJECT_VERSION = 1;
				DEVELOPMENT_TEAM = 7J4TANDD7J;
				INFOPLIST_FILE = "$(SRCROOT)/Legio/Resources/Info.plist";
				IPHONEOS_DEPLOYMENT_TARGET = 11.1;
				LD_RUNPATH_SEARCH_PATHS = (
					"$(inherited)",
					"@executable_path/Frameworks",
				);
				MARKETING_VERSION = 1.0.1;
				PRODUCT_BUNDLE_IDENTIFIER = ru.ms.app.legio;
				PRODUCT_NAME = "$(TARGET_NAME)";
				SWIFT_VERSION = 5.0;
				TARGETED_DEVICE_FAMILY = "1,2";
			};
			name = Debug;
		};
		AA2654B5234F54DA0013B777 /* Release */ = {
			isa = XCBuildConfiguration;
			baseConfigurationReference = B60D37E4C4512EF3B7DF59E8 /* Pods-Legio.release.xcconfig */;
			buildSettings = {
				ASSETCATALOG_COMPILER_APPICON_NAME = AppIcon;
				CODE_SIGN_STYLE = Automatic;
				CURRENT_PROJECT_VERSION = 1;
				DEVELOPMENT_TEAM = 7J4TANDD7J;
				INFOPLIST_FILE = "$(SRCROOT)/Legio/Resources/Info.plist";
				IPHONEOS_DEPLOYMENT_TARGET = 11.1;
				LD_RUNPATH_SEARCH_PATHS = (
					"$(inherited)",
					"@executable_path/Frameworks",
				);
				MARKETING_VERSION = 1.0.1;
				PRODUCT_BUNDLE_IDENTIFIER = ru.ms.app.legio;
				PRODUCT_NAME = "$(TARGET_NAME)";
				SWIFT_VERSION = 5.0;
				TARGETED_DEVICE_FAMILY = "1,2";
			};
			name = Release;
		};
/* End XCBuildConfiguration section */

/* Begin XCConfigurationList section */
		AA265499234F54D60013B777 /* Build configuration list for PBXProject "Legio" */ = {
			isa = XCConfigurationList;
			buildConfigurations = (
				AA2654B1234F54DA0013B777 /* Debug */,
				AA2654B2234F54DA0013B777 /* Release */,
			);
			defaultConfigurationIsVisible = 0;
			defaultConfigurationName = Release;
		};
		AA2654B3234F54DA0013B777 /* Build configuration list for PBXNativeTarget "Legio" */ = {
			isa = XCConfigurationList;
			buildConfigurations = (
				AA2654B4234F54DA0013B777 /* Debug */,
				AA2654B5234F54DA0013B777 /* Release */,
			);
			defaultConfigurationIsVisible = 0;
			defaultConfigurationName = Release;
		};
/* End XCConfigurationList section */

/* Begin XCVersionGroup section */
		E14C3F6223FDDC8400C43877 /* Legio.xcdatamodeld */ = {
			isa = XCVersionGroup;
			children = (
				E14C3F6323FDDC8400C43877 /* Legio.xcdatamodel */,
			);
			currentVersion = E14C3F6323FDDC8400C43877 /* Legio.xcdatamodel */;
			path = Legio.xcdatamodeld;
			sourceTree = "<group>";
			versionGroupType = wrapper.xcdatamodel;
		};
/* End XCVersionGroup section */
	};
	rootObject = AA265496234F54D60013B777 /* Project object */;
}
